
Microsoft Visual Studio Solution File, Format Version 12.00
# Visual Studio 15
VisualStudioVersion = 15.0.26730.16
MinimumVisualStudioVersion = 10.0.40219.1
Project("{FAE04EC0-301F-11D3-BF4B-00C04F79EFBC}") = "Collector2.DataService", "Collector2.DataService\Collector2.DataService.csproj", "{DA468E92-25FB-48CE-9EA9-0E5EC65D25A2}"
EndProject
Project("{FAE04EC0-301F-11D3-BF4B-00C04F79EFBC}") = "Collector2.Model", "Collector2.Model\Collector2.Model.csproj", "{78C4EDD9-1DEC-40D0-8727-E9BEA444A509}"
EndProject
Project("{FAE04EC0-301F-11D3-BF4B-00C04F79EFBC}") = "Collector2.DataContext", "Collector2.DataContext\Collector2.DataContext.csproj", "{4F4BE75D-457C-4D30-96A8-B6FA220ABD5E}"
EndProject
Project("{D954291E-2A0B-460D-934E-DC6B0785DB48}") = "Collector2", "Collector2\Collector2\Collector2.shproj", "{87F348D2-9971-4E92-92CF-063F543A1335}"
EndProject
Project("{FAE04EC0-301F-11D3-BF4B-00C04F79EFBC}") = "Collector2.Android", "Collector2\Collector2.Android\Collector2.Android.csproj", "{DF127416-4FB3-429B-981A-49A79867C57F}"
EndProject
Project("{FAE04EC0-301F-11D3-BF4B-00C04F79EFBC}") = "Collector2.iOS", "Collector2\Collector2.iOS\Collector2.iOS.csproj", "{38A3E38E-B39C-4C31-893B-D7D8BD6A4B57}"
EndProject
Project("{FAE04EC0-301F-11D3-BF4B-00C04F79EFBC}") = "Collector2.UWP", "Collector2\Collector2.UWP\Collector2.UWP.csproj", "{6D146888-2C1F-40C0-A1AD-EC3DF0E6984A}"
EndProject
Global
	GlobalSection(SharedMSBuildProjectFiles) = preSolution
		Collector2\Collector2\Collector2.projitems*{87f348d2-9971-4e92-92cf-063f543a1335}*SharedItemsImports = 13
		Collector2\Collector2\Collector2.projitems*{df127416-4fb3-429b-981a-49a79867c57f}*SharedItemsImports = 4
	EndGlobalSection
	GlobalSection(SolutionConfigurationPlatforms) = preSolution
		Ad-Hoc|Any CPU = Ad-Hoc|Any CPU
		Ad-Hoc|ARM = Ad-Hoc|ARM
		Ad-Hoc|iPhone = Ad-Hoc|iPhone
		Ad-Hoc|iPhoneSimulator = Ad-Hoc|iPhoneSimulator
		Ad-Hoc|x64 = Ad-Hoc|x64
		Ad-Hoc|x86 = Ad-Hoc|x86
		AppStore|Any CPU = AppStore|Any CPU
		AppStore|ARM = AppStore|ARM
		AppStore|iPhone = AppStore|iPhone
		AppStore|iPhoneSimulator = AppStore|iPhoneSimulator
		AppStore|x64 = AppStore|x64
		AppStore|x86 = AppStore|x86
		Debug|Any CPU = Debug|Any CPU
		Debug|ARM = Debug|ARM
		Debug|iPhone = Debug|iPhone
		Debug|iPhoneSimulator = Debug|iPhoneSimulator
		Debug|x64 = Debug|x64
		Debug|x86 = Debug|x86
		Release|Any CPU = Release|Any CPU
		Release|ARM = Release|ARM
		Release|iPhone = Release|iPhone
		Release|iPhoneSimulator = Release|iPhoneSimulator
		Release|x64 = Release|x64
		Release|x86 = Release|x86
	EndGlobalSection
	GlobalSection(ProjectConfigurationPlatforms) = postSolution
		{DA468E92-25FB-48CE-9EA9-0E5EC65D25A2}.Ad-Hoc|Any CPU.ActiveCfg = Release|Any CPU
		{DA468E92-25FB-48CE-9EA9-0E5EC65D25A2}.Ad-Hoc|Any CPU.Build.0 = Release|Any CPU
		{DA468E92-25FB-48CE-9EA9-0E5EC65D25A2}.Ad-Hoc|ARM.ActiveCfg = Release|Any CPU
		{DA468E92-25FB-48CE-9EA9-0E5EC65D25A2}.Ad-Hoc|ARM.Build.0 = Release|Any CPU
		{DA468E92-25FB-48CE-9EA9-0E5EC65D25A2}.Ad-Hoc|iPhone.ActiveCfg = Release|Any CPU
		{DA468E92-25FB-48CE-9EA9-0E5EC65D25A2}.Ad-Hoc|iPhone.Build.0 = Release|Any CPU
		{DA468E92-25FB-48CE-9EA9-0E5EC65D25A2}.Ad-Hoc|iPhoneSimulator.ActiveCfg = Release|Any CPU
		{DA468E92-25FB-48CE-9EA9-0E5EC65D25A2}.Ad-Hoc|iPhoneSimulator.Build.0 = Release|Any CPU
		{DA468E92-25FB-48CE-9EA9-0E5EC65D25A2}.Ad-Hoc|x64.ActiveCfg = Release|Any CPU
		{DA468E92-25FB-48CE-9EA9-0E5EC65D25A2}.Ad-Hoc|x64.Build.0 = Release|Any CPU
		{DA468E92-25FB-48CE-9EA9-0E5EC65D25A2}.Ad-Hoc|x86.ActiveCfg = Release|Any CPU
		{DA468E92-25FB-48CE-9EA9-0E5EC65D25A2}.Ad-Hoc|x86.Build.0 = Release|Any CPU
		{DA468E92-25FB-48CE-9EA9-0E5EC65D25A2}.AppStore|Any CPU.ActiveCfg = Release|Any CPU
		{DA468E92-25FB-48CE-9EA9-0E5EC65D25A2}.AppStore|Any CPU.Build.0 = Release|Any CPU
		{DA468E92-25FB-48CE-9EA9-0E5EC65D25A2}.AppStore|ARM.ActiveCfg = Release|Any CPU
		{DA468E92-25FB-48CE-9EA9-0E5EC65D25A2}.AppStore|ARM.Build.0 = Release|Any CPU
		{DA468E92-25FB-48CE-9EA9-0E5EC65D25A2}.AppStore|iPhone.ActiveCfg = Release|Any CPU
		{DA468E92-25FB-48CE-9EA9-0E5EC65D25A2}.AppStore|iPhone.Build.0 = Release|Any CPU
		{DA468E92-25FB-48CE-9EA9-0E5EC65D25A2}.AppStore|iPhoneSimulator.ActiveCfg = Release|Any CPU
		{DA468E92-25FB-48CE-9EA9-0E5EC65D25A2}.AppStore|iPhoneSimulator.Build.0 = Release|Any CPU
		{DA468E92-25FB-48CE-9EA9-0E5EC65D25A2}.AppStore|x64.ActiveCfg = Release|Any CPU
		{DA468E92-25FB-48CE-9EA9-0E5EC65D25A2}.AppStore|x64.Build.0 = Release|Any CPU
		{DA468E92-25FB-48CE-9EA9-0E5EC65D25A2}.AppStore|x86.ActiveCfg = Release|Any CPU
		{DA468E92-25FB-48CE-9EA9-0E5EC65D25A2}.AppStore|x86.Build.0 = Release|Any CPU
		{DA468E92-25FB-48CE-9EA9-0E5EC65D25A2}.Debug|Any CPU.ActiveCfg = Debug|Any CPU
		{DA468E92-25FB-48CE-9EA9-0E5EC65D25A2}.Debug|Any CPU.Build.0 = Debug|Any CPU
		{DA468E92-25FB-48CE-9EA9-0E5EC65D25A2}.Debug|ARM.ActiveCfg = Debug|Any CPU
		{DA468E92-25FB-48CE-9EA9-0E5EC65D25A2}.Debug|ARM.Build.0 = Debug|Any CPU
		{DA468E92-25FB-48CE-9EA9-0E5EC65D25A2}.Debug|iPhone.ActiveCfg = Debug|Any CPU
		{DA468E92-25FB-48CE-9EA9-0E5EC65D25A2}.Debug|iPhone.Build.0 = Debug|Any CPU
		{DA468E92-25FB-48CE-9EA9-0E5EC65D25A2}.Debug|iPhoneSimulator.ActiveCfg = Debug|Any CPU
		{DA468E92-25FB-48CE-9EA9-0E5EC65D25A2}.Debug|iPhoneSimulator.Build.0 = Debug|Any CPU
		{DA468E92-25FB-48CE-9EA9-0E5EC65D25A2}.Debug|x64.ActiveCfg = Debug|Any CPU
		{DA468E92-25FB-48CE-9EA9-0E5EC65D25A2}.Debug|x64.Build.0 = Debug|Any CPU
		{DA468E92-25FB-48CE-9EA9-0E5EC65D25A2}.Debug|x86.ActiveCfg = Debug|Any CPU
		{DA468E92-25FB-48CE-9EA9-0E5EC65D25A2}.Debug|x86.Build.0 = Debug|Any CPU
		{DA468E92-25FB-48CE-9EA9-0E5EC65D25A2}.Release|Any CPU.ActiveCfg = Release|Any CPU
		{DA468E92-25FB-48CE-9EA9-0E5EC65D25A2}.Release|Any CPU.Build.0 = Release|Any CPU
		{DA468E92-25FB-48CE-9EA9-0E5EC65D25A2}.Release|ARM.ActiveCfg = Release|Any CPU
		{DA468E92-25FB-48CE-9EA9-0E5EC65D25A2}.Release|ARM.Build.0 = Release|Any CPU
		{DA468E92-25FB-48CE-9EA9-0E5EC65D25A2}.Release|iPhone.ActiveCfg = Release|Any CPU
		{DA468E92-25FB-48CE-9EA9-0E5EC65D25A2}.Release|iPhone.Build.0 = Release|Any CPU
		{DA468E92-25FB-48CE-9EA9-0E5EC65D25A2}.Release|iPhoneSimulator.ActiveCfg = Release|Any CPU
		{DA468E92-25FB-48CE-9EA9-0E5EC65D25A2}.Release|iPhoneSimulator.Build.0 = Release|Any CPU
		{DA468E92-25FB-48CE-9EA9-0E5EC65D25A2}.Release|x64.ActiveCfg = Release|Any CPU
		{DA468E92-25FB-48CE-9EA9-0E5EC65D25A2}.Release|x64.Build.0 = Release|Any CPU
		{DA468E92-25FB-48CE-9EA9-0E5EC65D25A2}.Release|x86.ActiveCfg = Release|Any CPU
		{DA468E92-25FB-48CE-9EA9-0E5EC65D25A2}.Release|x86.Build.0 = Release|Any CPU
		{78C4EDD9-1DEC-40D0-8727-E9BEA444A509}.Ad-Hoc|Any CPU.ActiveCfg = Release|Any CPU
		{78C4EDD9-1DEC-40D0-8727-E9BEA444A509}.Ad-Hoc|Any CPU.Build.0 = Release|Any CPU
		{78C4EDD9-1DEC-40D0-8727-E9BEA444A509}.Ad-Hoc|ARM.ActiveCfg = Release|Any CPU
		{78C4EDD9-1DEC-40D0-8727-E9BEA444A509}.Ad-Hoc|ARM.Build.0 = Release|Any CPU
		{78C4EDD9-1DEC-40D0-8727-E9BEA444A509}.Ad-Hoc|iPhone.ActiveCfg = Release|Any CPU
		{78C4EDD9-1DEC-40D0-8727-E9BEA444A509}.Ad-Hoc|iPhone.Build.0 = Release|Any CPU
		{78C4EDD9-1DEC-40D0-8727-E9BEA444A509}.Ad-Hoc|iPhoneSimulator.ActiveCfg = Release|Any CPU
		{78C4EDD9-1DEC-40D0-8727-E9BEA444A509}.Ad-Hoc|iPhoneSimulator.Build.0 = Release|Any CPU
		{78C4EDD9-1DEC-40D0-8727-E9BEA444A509}.Ad-Hoc|x64.ActiveCfg = Release|Any CPU
		{78C4EDD9-1DEC-40D0-8727-E9BEA444A509}.Ad-Hoc|x64.Build.0 = Release|Any CPU
		{78C4EDD9-1DEC-40D0-8727-E9BEA444A509}.Ad-Hoc|x86.ActiveCfg = Release|Any CPU
		{78C4EDD9-1DEC-40D0-8727-E9BEA444A509}.Ad-Hoc|x86.Build.0 = Release|Any CPU
		{78C4EDD9-1DEC-40D0-8727-E9BEA444A509}.AppStore|Any CPU.ActiveCfg = Release|Any CPU
		{78C4EDD9-1DEC-40D0-8727-E9BEA444A509}.AppStore|Any CPU.Build.0 = Release|Any CPU
		{78C4EDD9-1DEC-40D0-8727-E9BEA444A509}.AppStore|ARM.ActiveCfg = Release|Any CPU
		{78C4EDD9-1DEC-40D0-8727-E9BEA444A509}.AppStore|ARM.Build.0 = Release|Any CPU
		{78C4EDD9-1DEC-40D0-8727-E9BEA444A509}.AppStore|iPhone.ActiveCfg = Release|Any CPU
		{78C4EDD9-1DEC-40D0-8727-E9BEA444A509}.AppStore|iPhone.Build.0 = Release|Any CPU
		{78C4EDD9-1DEC-40D0-8727-E9BEA444A509}.AppStore|iPhoneSimulator.ActiveCfg = Release|Any CPU
		{78C4EDD9-1DEC-40D0-8727-E9BEA444A509}.AppStore|iPhoneSimulator.Build.0 = Release|Any CPU
		{78C4EDD9-1DEC-40D0-8727-E9BEA444A509}.AppStore|x64.ActiveCfg = Release|Any CPU
		{78C4EDD9-1DEC-40D0-8727-E9BEA444A509}.AppStore|x64.Build.0 = Release|Any CPU
		{78C4EDD9-1DEC-40D0-8727-E9BEA444A509}.AppStore|x86.ActiveCfg = Release|Any CPU
		{78C4EDD9-1DEC-40D0-8727-E9BEA444A509}.AppStore|x86.Build.0 = Release|Any CPU
		{78C4EDD9-1DEC-40D0-8727-E9BEA444A509}.Debug|Any CPU.ActiveCfg = Debug|Any CPU
		{78C4EDD9-1DEC-40D0-8727-E9BEA444A509}.Debug|Any CPU.Build.0 = Debug|Any CPU
		{78C4EDD9-1DEC-40D0-8727-E9BEA444A509}.Debug|ARM.ActiveCfg = Debug|Any CPU
		{78C4EDD9-1DEC-40D0-8727-E9BEA444A509}.Debug|ARM.Build.0 = Debug|Any CPU
		{78C4EDD9-1DEC-40D0-8727-E9BEA444A509}.Debug|iPhone.ActiveCfg = Debug|Any CPU
		{78C4EDD9-1DEC-40D0-8727-E9BEA444A509}.Debug|iPhone.Build.0 = Debug|Any CPU
		{78C4EDD9-1DEC-40D0-8727-E9BEA444A509}.Debug|iPhoneSimulator.ActiveCfg = Debug|Any CPU
		{78C4EDD9-1DEC-40D0-8727-E9BEA444A509}.Debug|iPhoneSimulator.Build.0 = Debug|Any CPU
		{78C4EDD9-1DEC-40D0-8727-E9BEA444A509}.Debug|x64.ActiveCfg = Debug|Any CPU
		{78C4EDD9-1DEC-40D0-8727-E9BEA444A509}.Debug|x64.Build.0 = Debug|Any CPU
		{78C4EDD9-1DEC-40D0-8727-E9BEA444A509}.Debug|x86.ActiveCfg = Debug|Any CPU
		{78C4EDD9-1DEC-40D0-8727-E9BEA444A509}.Debug|x86.Build.0 = Debug|Any CPU
		{78C4EDD9-1DEC-40D0-8727-E9BEA444A509}.Release|Any CPU.ActiveCfg = Release|Any CPU
		{78C4EDD9-1DEC-40D0-8727-E9BEA444A509}.Release|Any CPU.Build.0 = Release|Any CPU
		{78C4EDD9-1DEC-40D0-8727-E9BEA444A509}.Release|ARM.ActiveCfg = Release|Any CPU
		{78C4EDD9-1DEC-40D0-8727-E9BEA444A509}.Release|ARM.Build.0 = Release|Any CPU
		{78C4EDD9-1DEC-40D0-8727-E9BEA444A509}.Release|iPhone.ActiveCfg = Release|Any CPU
		{78C4EDD9-1DEC-40D0-8727-E9BEA444A509}.Release|iPhone.Build.0 = Release|Any CPU
		{78C4EDD9-1DEC-40D0-8727-E9BEA444A509}.Release|iPhoneSimulator.ActiveCfg = Release|Any CPU
		{78C4EDD9-1DEC-40D0-8727-E9BEA444A509}.Release|iPhoneSimulator.Build.0 = Release|Any CPU
		{78C4EDD9-1DEC-40D0-8727-E9BEA444A509}.Release|x64.ActiveCfg = Release|Any CPU
		{78C4EDD9-1DEC-40D0-8727-E9BEA444A509}.Release|x64.Build.0 = Release|Any CPU
		{78C4EDD9-1DEC-40D0-8727-E9BEA444A509}.Release|x86.ActiveCfg = Release|Any CPU
		{78C4EDD9-1DEC-40D0-8727-E9BEA444A509}.Release|x86.Build.0 = Release|Any CPU
		{4F4BE75D-457C-4D30-96A8-B6FA220ABD5E}.Ad-Hoc|Any CPU.ActiveCfg = Release|Any CPU
		{4F4BE75D-457C-4D30-96A8-B6FA220ABD5E}.Ad-Hoc|Any CPU.Build.0 = Release|Any CPU
		{4F4BE75D-457C-4D30-96A8-B6FA220ABD5E}.Ad-Hoc|ARM.ActiveCfg = Release|Any CPU
		{4F4BE75D-457C-4D30-96A8-B6FA220ABD5E}.Ad-Hoc|ARM.Build.0 = Release|Any CPU
		{4F4BE75D-457C-4D30-96A8-B6FA220ABD5E}.Ad-Hoc|iPhone.ActiveCfg = Release|Any CPU
		{4F4BE75D-457C-4D30-96A8-B6FA220ABD5E}.Ad-Hoc|iPhone.Build.0 = Release|Any CPU
		{4F4BE75D-457C-4D30-96A8-B6FA220ABD5E}.Ad-Hoc|iPhoneSimulator.ActiveCfg = Release|Any CPU
		{4F4BE75D-457C-4D30-96A8-B6FA220ABD5E}.Ad-Hoc|iPhoneSimulator.Build.0 = Release|Any CPU
		{4F4BE75D-457C-4D30-96A8-B6FA220ABD5E}.Ad-Hoc|x64.ActiveCfg = Release|Any CPU
		{4F4BE75D-457C-4D30-96A8-B6FA220ABD5E}.Ad-Hoc|x64.Build.0 = Release|Any CPU
		{4F4BE75D-457C-4D30-96A8-B6FA220ABD5E}.Ad-Hoc|x86.ActiveCfg = Release|Any CPU
		{4F4BE75D-457C-4D30-96A8-B6FA220ABD5E}.Ad-Hoc|x86.Build.0 = Release|Any CPU
		{4F4BE75D-457C-4D30-96A8-B6FA220ABD5E}.AppStore|Any CPU.ActiveCfg = Release|Any CPU
		{4F4BE75D-457C-4D30-96A8-B6FA220ABD5E}.AppStore|Any CPU.Build.0 = Release|Any CPU
		{4F4BE75D-457C-4D30-96A8-B6FA220ABD5E}.AppStore|ARM.ActiveCfg = Release|Any CPU
		{4F4BE75D-457C-4D30-96A8-B6FA220ABD5E}.AppStore|ARM.Build.0 = Release|Any CPU
		{4F4BE75D-457C-4D30-96A8-B6FA220ABD5E}.AppStore|iPhone.ActiveCfg = Release|Any CPU
		{4F4BE75D-457C-4D30-96A8-B6FA220ABD5E}.AppStore|iPhone.Build.0 = Release|Any CPU
		{4F4BE75D-457C-4D30-96A8-B6FA220ABD5E}.AppStore|iPhoneSimulator.ActiveCfg = Release|Any CPU
		{4F4BE75D-457C-4D30-96A8-B6FA220ABD5E}.AppStore|iPhoneSimulator.Build.0 = Release|Any CPU
		{4F4BE75D-457C-4D30-96A8-B6FA220ABD5E}.AppStore|x64.ActiveCfg = Release|Any CPU
		{4F4BE75D-457C-4D30-96A8-B6FA220ABD5E}.AppStore|x64.Build.0 = Release|Any CPU
		{4F4BE75D-457C-4D30-96A8-B6FA220ABD5E}.AppStore|x86.ActiveCfg = Release|Any CPU
		{4F4BE75D-457C-4D30-96A8-B6FA220ABD5E}.AppStore|x86.Build.0 = Release|Any CPU
		{4F4BE75D-457C-4D30-96A8-B6FA220ABD5E}.Debug|Any CPU.ActiveCfg = Debug|Any CPU
		{4F4BE75D-457C-4D30-96A8-B6FA220ABD5E}.Debug|Any CPU.Build.0 = Debug|Any CPU
		{4F4BE75D-457C-4D30-96A8-B6FA220ABD5E}.Debug|ARM.ActiveCfg = Debug|Any CPU
		{4F4BE75D-457C-4D30-96A8-B6FA220ABD5E}.Debug|ARM.Build.0 = Debug|Any CPU
		{4F4BE75D-457C-4D30-96A8-B6FA220ABD5E}.Debug|iPhone.ActiveCfg = Debug|Any CPU
		{4F4BE75D-457C-4D30-96A8-B6FA220ABD5E}.Debug|iPhone.Build.0 = Debug|Any CPU
		{4F4BE75D-457C-4D30-96A8-B6FA220ABD5E}.Debug|iPhoneSimulator.ActiveCfg = Debug|Any CPU
		{4F4BE75D-457C-4D30-96A8-B6FA220ABD5E}.Debug|iPhoneSimulator.Build.0 = Debug|Any CPU
		{4F4BE75D-457C-4D30-96A8-B6FA220ABD5E}.Debug|x64.ActiveCfg = Debug|Any CPU
		{4F4BE75D-457C-4D30-96A8-B6FA220ABD5E}.Debug|x64.Build.0 = Debug|Any CPU
		{4F4BE75D-457C-4D30-96A8-B6FA220ABD5E}.Debug|x86.ActiveCfg = Debug|Any CPU
		{4F4BE75D-457C-4D30-96A8-B6FA220ABD5E}.Debug|x86.Build.0 = Debug|Any CPU
		{4F4BE75D-457C-4D30-96A8-B6FA220ABD5E}.Release|Any CPU.ActiveCfg = Release|Any CPU
		{4F4BE75D-457C-4D30-96A8-B6FA220ABD5E}.Release|Any CPU.Build.0 = Release|Any CPU
		{4F4BE75D-457C-4D30-96A8-B6FA220ABD5E}.Release|ARM.ActiveCfg = Release|Any CPU
		{4F4BE75D-457C-4D30-96A8-B6FA220ABD5E}.Release|ARM.Build.0 = Release|Any CPU
		{4F4BE75D-457C-4D30-96A8-B6FA220ABD5E}.Release|iPhone.ActiveCfg = Release|Any CPU
		{4F4BE75D-457C-4D30-96A8-B6FA220ABD5E}.Release|iPhone.Build.0 = Release|Any CPU
		{4F4BE75D-457C-4D30-96A8-B6FA220ABD5E}.Release|iPhoneSimulator.ActiveCfg = Release|Any CPU
		{4F4BE75D-457C-4D30-96A8-B6FA220ABD5E}.Release|iPhoneSimulator.Build.0 = Release|Any CPU
		{4F4BE75D-457C-4D30-96A8-B6FA220ABD5E}.Release|x64.ActiveCfg = Release|Any CPU
		{4F4BE75D-457C-4D30-96A8-B6FA220ABD5E}.Release|x64.Build.0 = Release|Any CPU
		{4F4BE75D-457C-4D30-96A8-B6FA220ABD5E}.Release|x86.ActiveCfg = Release|Any CPU
		{4F4BE75D-457C-4D30-96A8-B6FA220ABD5E}.Release|x86.Build.0 = Release|Any CPU
		{DF127416-4FB3-429B-981A-49A79867C57F}.Ad-Hoc|Any CPU.ActiveCfg = Release|Any CPU
		{DF127416-4FB3-429B-981A-49A79867C57F}.Ad-Hoc|Any CPU.Build.0 = Release|Any CPU
		{DF127416-4FB3-429B-981A-49A79867C57F}.Ad-Hoc|Any CPU.Deploy.0 = Release|Any CPU
		{DF127416-4FB3-429B-981A-49A79867C57F}.Ad-Hoc|ARM.ActiveCfg = Release|Any CPU
		{DF127416-4FB3-429B-981A-49A79867C57F}.Ad-Hoc|ARM.Build.0 = Release|Any CPU
		{DF127416-4FB3-429B-981A-49A79867C57F}.Ad-Hoc|ARM.Deploy.0 = Release|Any CPU
		{DF127416-4FB3-429B-981A-49A79867C57F}.Ad-Hoc|iPhone.ActiveCfg = Release|Any CPU
		{DF127416-4FB3-429B-981A-49A79867C57F}.Ad-Hoc|iPhone.Build.0 = Release|Any CPU
		{DF127416-4FB3-429B-981A-49A79867C57F}.Ad-Hoc|iPhone.Deploy.0 = Release|Any CPU
		{DF127416-4FB3-429B-981A-49A79867C57F}.Ad-Hoc|iPhoneSimulator.ActiveCfg = Release|Any CPU
		{DF127416-4FB3-429B-981A-49A79867C57F}.Ad-Hoc|iPhoneSimulator.Build.0 = Release|Any CPU
		{DF127416-4FB3-429B-981A-49A79867C57F}.Ad-Hoc|iPhoneSimulator.Deploy.0 = Release|Any CPU
		{DF127416-4FB3-429B-981A-49A79867C57F}.Ad-Hoc|x64.ActiveCfg = Release|Any CPU
		{DF127416-4FB3-429B-981A-49A79867C57F}.Ad-Hoc|x64.Build.0 = Release|Any CPU
		{DF127416-4FB3-429B-981A-49A79867C57F}.Ad-Hoc|x64.Deploy.0 = Release|Any CPU
		{DF127416-4FB3-429B-981A-49A79867C57F}.Ad-Hoc|x86.ActiveCfg = Release|Any CPU
		{DF127416-4FB3-429B-981A-49A79867C57F}.Ad-Hoc|x86.Build.0 = Release|Any CPU
		{DF127416-4FB3-429B-981A-49A79867C57F}.Ad-Hoc|x86.Deploy.0 = Release|Any CPU
		{DF127416-4FB3-429B-981A-49A79867C57F}.AppStore|Any CPU.ActiveCfg = Release|Any CPU
		{DF127416-4FB3-429B-981A-49A79867C57F}.AppStore|Any CPU.Build.0 = Release|Any CPU
		{DF127416-4FB3-429B-981A-49A79867C57F}.AppStore|Any CPU.Deploy.0 = Release|Any CPU
		{DF127416-4FB3-429B-981A-49A79867C57F}.AppStore|ARM.ActiveCfg = Release|Any CPU
		{DF127416-4FB3-429B-981A-49A79867C57F}.AppStore|ARM.Build.0 = Release|Any CPU
		{DF127416-4FB3-429B-981A-49A79867C57F}.AppStore|ARM.Deploy.0 = Release|Any CPU
		{DF127416-4FB3-429B-981A-49A79867C57F}.AppStore|iPhone.ActiveCfg = Release|Any CPU
		{DF127416-4FB3-429B-981A-49A79867C57F}.AppStore|iPhone.Build.0 = Release|Any CPU
		{DF127416-4FB3-429B-981A-49A79867C57F}.AppStore|iPhone.Deploy.0 = Release|Any CPU
		{DF127416-4FB3-429B-981A-49A79867C57F}.AppStore|iPhoneSimulator.ActiveCfg = Release|Any CPU
		{DF127416-4FB3-429B-981A-49A79867C57F}.AppStore|iPhoneSimulator.Build.0 = Release|Any CPU
		{DF127416-4FB3-429B-981A-49A79867C57F}.AppStore|iPhoneSimulator.Deploy.0 = Release|Any CPU
		{DF127416-4FB3-429B-981A-49A79867C57F}.AppStore|x64.ActiveCfg = Release|Any CPU
		{DF127416-4FB3-429B-981A-49A79867C57F}.AppStore|x64.Build.0 = Release|Any CPU
		{DF127416-4FB3-429B-981A-49A79867C57F}.AppStore|x64.Deploy.0 = Release|Any CPU
		{DF127416-4FB3-429B-981A-49A79867C57F}.AppStore|x86.ActiveCfg = Release|Any CPU
		{DF127416-4FB3-429B-981A-49A79867C57F}.AppStore|x86.Build.0 = Release|Any CPU
		{DF127416-4FB3-429B-981A-49A79867C57F}.AppStore|x86.Deploy.0 = Release|Any CPU
		{DF127416-4FB3-429B-981A-49A79867C57F}.Debug|Any CPU.ActiveCfg = Debug|Any CPU
		{DF127416-4FB3-429B-981A-49A79867C57F}.Debug|Any CPU.Build.0 = Debug|Any CPU
		{DF127416-4FB3-429B-981A-49A79867C57F}.Debug|Any CPU.Deploy.0 = Debug|Any CPU
		{DF127416-4FB3-429B-981A-49A79867C57F}.Debug|ARM.ActiveCfg = Debug|Any CPU
		{DF127416-4FB3-429B-981A-49A79867C57F}.Debug|ARM.Build.0 = Debug|Any CPU
		{DF127416-4FB3-429B-981A-49A79867C57F}.Debug|ARM.Deploy.0 = Debug|Any CPU
		{DF127416-4FB3-429B-981A-49A79867C57F}.Debug|iPhone.ActiveCfg = Debug|Any CPU
		{DF127416-4FB3-429B-981A-49A79867C57F}.Debug|iPhone.Build.0 = Debug|Any CPU
		{DF127416-4FB3-429B-981A-49A79867C57F}.Debug|iPhone.Deploy.0 = Debug|Any CPU
		{DF127416-4FB3-429B-981A-49A79867C57F}.Debug|iPhoneSimulator.ActiveCfg = Debug|Any CPU
		{DF127416-4FB3-429B-981A-49A79867C57F}.Debug|iPhoneSimulator.Build.0 = Debug|Any CPU
		{DF127416-4FB3-429B-981A-49A79867C57F}.Debug|iPhoneSimulator.Deploy.0 = Debug|Any CPU
		{DF127416-4FB3-429B-981A-49A79867C57F}.Debug|x64.ActiveCfg = Debug|Any CPU
		{DF127416-4FB3-429B-981A-49A79867C57F}.Debug|x64.Build.0 = Debug|Any CPU
		{DF127416-4FB3-429B-981A-49A79867C57F}.Debug|x64.Deploy.0 = Debug|Any CPU
		{DF127416-4FB3-429B-981A-49A79867C57F}.Debug|x86.ActiveCfg = Debug|Any CPU
		{DF127416-4FB3-429B-981A-49A79867C57F}.Debug|x86.Build.0 = Debug|Any CPU
		{DF127416-4FB3-429B-981A-49A79867C57F}.Debug|x86.Deploy.0 = Debug|Any CPU
		{DF127416-4FB3-429B-981A-49A79867C57F}.Release|Any CPU.ActiveCfg = Release|Any CPU
		{DF127416-4FB3-429B-981A-49A79867C57F}.Release|Any CPU.Build.0 = Release|Any CPU
		{DF127416-4FB3-429B-981A-49A79867C57F}.Release|Any CPU.Deploy.0 = Release|Any CPU
		{DF127416-4FB3-429B-981A-49A79867C57F}.Release|ARM.ActiveCfg = Release|Any CPU
		{DF127416-4FB3-429B-981A-49A79867C57F}.Release|ARM.Build.0 = Release|Any CPU
		{DF127416-4FB3-429B-981A-49A79867C57F}.Release|ARM.Deploy.0 = Release|Any CPU
		{DF127416-4FB3-429B-981A-49A79867C57F}.Release|iPhone.ActiveCfg = Release|Any CPU
		{DF127416-4FB3-429B-981A-49A79867C57F}.Release|iPhone.Build.0 = Release|Any CPU
		{DF127416-4FB3-429B-981A-49A79867C57F}.Release|iPhone.Deploy.0 = Release|Any CPU
		{DF127416-4FB3-429B-981A-49A79867C57F}.Release|iPhoneSimulator.ActiveCfg = Release|Any CPU
		{DF127416-4FB3-429B-981A-49A79867C57F}.Release|iPhoneSimulator.Build.0 = Release|Any CPU
		{DF127416-4FB3-429B-981A-49A79867C57F}.Release|iPhoneSimulator.Deploy.0 = Release|Any CPU
		{DF127416-4FB3-429B-981A-49A79867C57F}.Release|x64.ActiveCfg = Release|Any CPU
		{DF127416-4FB3-429B-981A-49A79867C57F}.Release|x64.Build.0 = Release|Any CPU
		{DF127416-4FB3-429B-981A-49A79867C57F}.Release|x64.Deploy.0 = Release|Any CPU
		{DF127416-4FB3-429B-981A-49A79867C57F}.Release|x86.ActiveCfg = Release|Any CPU
		{DF127416-4FB3-429B-981A-49A79867C57F}.Release|x86.Build.0 = Release|Any CPU
		{DF127416-4FB3-429B-981A-49A79867C57F}.Release|x86.Deploy.0 = Release|Any CPU
		{38A3E38E-B39C-4C31-893B-D7D8BD6A4B57}.Ad-Hoc|Any CPU.ActiveCfg = Ad-Hoc|iPhone
		{38A3E38E-B39C-4C31-893B-D7D8BD6A4B57}.Ad-Hoc|ARM.ActiveCfg = Ad-Hoc|iPhone
		{38A3E38E-B39C-4C31-893B-D7D8BD6A4B57}.Ad-Hoc|iPhone.ActiveCfg = Ad-Hoc|iPhone
		{38A3E38E-B39C-4C31-893B-D7D8BD6A4B57}.Ad-Hoc|iPhone.Build.0 = Ad-Hoc|iPhone
		{38A3E38E-B39C-4C31-893B-D7D8BD6A4B57}.Ad-Hoc|iPhoneSimulator.ActiveCfg = Ad-Hoc|iPhoneSimulator
		{38A3E38E-B39C-4C31-893B-D7D8BD6A4B57}.Ad-Hoc|iPhoneSimulator.Build.0 = Ad-Hoc|iPhoneSimulator
		{38A3E38E-B39C-4C31-893B-D7D8BD6A4B57}.Ad-Hoc|x64.ActiveCfg = Ad-Hoc|iPhone
		{38A3E38E-B39C-4C31-893B-D7D8BD6A4B57}.Ad-Hoc|x86.ActiveCfg = Ad-Hoc|iPhone
		{38A3E38E-B39C-4C31-893B-D7D8BD6A4B57}.AppStore|Any CPU.ActiveCfg = AppStore|iPhone
		{38A3E38E-B39C-4C31-893B-D7D8BD6A4B57}.AppStore|ARM.ActiveCfg = AppStore|iPhone
		{38A3E38E-B39C-4C31-893B-D7D8BD6A4B57}.AppStore|iPhone.ActiveCfg = AppStore|iPhone
		{38A3E38E-B39C-4C31-893B-D7D8BD6A4B57}.AppStore|iPhone.Build.0 = AppStore|iPhone
		{38A3E38E-B39C-4C31-893B-D7D8BD6A4B57}.AppStore|iPhoneSimulator.ActiveCfg = AppStore|iPhoneSimulator
		{38A3E38E-B39C-4C31-893B-D7D8BD6A4B57}.AppStore|iPhoneSimulator.Build.0 = AppStore|iPhoneSimulator
		{38A3E38E-B39C-4C31-893B-D7D8BD6A4B57}.AppStore|x64.ActiveCfg = AppStore|iPhone
		{38A3E38E-B39C-4C31-893B-D7D8BD6A4B57}.AppStore|x86.ActiveCfg = AppStore|iPhone
		{38A3E38E-B39C-4C31-893B-D7D8BD6A4B57}.Debug|Any CPU.ActiveCfg = Debug|iPhone
		{38A3E38E-B39C-4C31-893B-D7D8BD6A4B57}.Debug|ARM.ActiveCfg = Debug|iPhone
		{38A3E38E-B39C-4C31-893B-D7D8BD6A4B57}.Debug|iPhone.ActiveCfg = Debug|iPhone
		{38A3E38E-B39C-4C31-893B-D7D8BD6A4B57}.Debug|iPhone.Build.0 = Debug|iPhone
		{38A3E38E-B39C-4C31-893B-D7D8BD6A4B57}.Debug|iPhoneSimulator.ActiveCfg = Debug|iPhoneSimulator
		{38A3E38E-B39C-4C31-893B-D7D8BD6A4B57}.Debug|iPhoneSimulator.Build.0 = Debug|iPhoneSimulator
		{38A3E38E-B39C-4C31-893B-D7D8BD6A4B57}.Debug|x64.ActiveCfg = Debug|iPhone
		{38A3E38E-B39C-4C31-893B-D7D8BD6A4B57}.Debug|x86.ActiveCfg = Debug|iPhone
		{38A3E38E-B39C-4C31-893B-D7D8BD6A4B57}.Release|Any CPU.ActiveCfg = Release|iPhone
		{38A3E38E-B39C-4C31-893B-D7D8BD6A4B57}.Release|ARM.ActiveCfg = Release|iPhone
		{38A3E38E-B39C-4C31-893B-D7D8BD6A4B57}.Release|iPhone.ActiveCfg = Release|iPhone
		{38A3E38E-B39C-4C31-893B-D7D8BD6A4B57}.Release|iPhone.Build.0 = Release|iPhone
		{38A3E38E-B39C-4C31-893B-D7D8BD6A4B57}.Release|iPhoneSimulator.ActiveCfg = Release|iPhoneSimulator
		{38A3E38E-B39C-4C31-893B-D7D8BD6A4B57}.Release|iPhoneSimulator.Build.0 = Release|iPhoneSimulator
		{38A3E38E-B39C-4C31-893B-D7D8BD6A4B57}.Release|x64.ActiveCfg = Release|iPhone
		{38A3E38E-B39C-4C31-893B-D7D8BD6A4B57}.Release|x86.ActiveCfg = Release|iPhone
		{6D146888-2C1F-40C0-A1AD-EC3DF0E6984A}.Ad-Hoc|Any CPU.ActiveCfg = Release|x86
		{6D146888-2C1F-40C0-A1AD-EC3DF0E6984A}.Ad-Hoc|Any CPU.Build.0 = Release|x86
		{6D146888-2C1F-40C0-A1AD-EC3DF0E6984A}.Ad-Hoc|Any CPU.Deploy.0 = Release|x86
		{6D146888-2C1F-40C0-A1AD-EC3DF0E6984A}.Ad-Hoc|ARM.ActiveCfg = Release|ARM
		{6D146888-2C1F-40C0-A1AD-EC3DF0E6984A}.Ad-Hoc|ARM.Build.0 = Release|ARM
		{6D146888-2C1F-40C0-A1AD-EC3DF0E6984A}.Ad-Hoc|ARM.Deploy.0 = Release|ARM
		{6D146888-2C1F-40C0-A1AD-EC3DF0E6984A}.Ad-Hoc|iPhone.ActiveCfg = Release|x86
		{6D146888-2C1F-40C0-A1AD-EC3DF0E6984A}.Ad-Hoc|iPhone.Build.0 = Release|x86
		{6D146888-2C1F-40C0-A1AD-EC3DF0E6984A}.Ad-Hoc|iPhone.Deploy.0 = Release|x86
		{6D146888-2C1F-40C0-A1AD-EC3DF0E6984A}.Ad-Hoc|iPhoneSimulator.ActiveCfg = Release|x86
		{6D146888-2C1F-40C0-A1AD-EC3DF0E6984A}.Ad-Hoc|iPhoneSimulator.Build.0 = Release|x86
		{6D146888-2C1F-40C0-A1AD-EC3DF0E6984A}.Ad-Hoc|iPhoneSimulator.Deploy.0 = Release|x86
		{6D146888-2C1F-40C0-A1AD-EC3DF0E6984A}.Ad-Hoc|x64.ActiveCfg = Release|x64
		{6D146888-2C1F-40C0-A1AD-EC3DF0E6984A}.Ad-Hoc|x64.Build.0 = Release|x64
		{6D146888-2C1F-40C0-A1AD-EC3DF0E6984A}.Ad-Hoc|x64.Deploy.0 = Release|x64
		{6D146888-2C1F-40C0-A1AD-EC3DF0E6984A}.Ad-Hoc|x86.ActiveCfg = Release|x86
		{6D146888-2C1F-40C0-A1AD-EC3DF0E6984A}.Ad-Hoc|x86.Build.0 = Release|x86
		{6D146888-2C1F-40C0-A1AD-EC3DF0E6984A}.Ad-Hoc|x86.Deploy.0 = Release|x86
		{6D146888-2C1F-40C0-A1AD-EC3DF0E6984A}.AppStore|Any CPU.ActiveCfg = Release|x86
		{6D146888-2C1F-40C0-A1AD-EC3DF0E6984A}.AppStore|Any CPU.Build.0 = Release|x86
		{6D146888-2C1F-40C0-A1AD-EC3DF0E6984A}.AppStore|Any CPU.Deploy.0 = Release|x86
		{6D146888-2C1F-40C0-A1AD-EC3DF0E6984A}.AppStore|ARM.ActiveCfg = Release|ARM
		{6D146888-2C1F-40C0-A1AD-EC3DF0E6984A}.AppStore|ARM.Build.0 = Release|ARM
		{6D146888-2C1F-40C0-A1AD-EC3DF0E6984A}.AppStore|ARM.Deploy.0 = Release|ARM
		{6D146888-2C1F-40C0-A1AD-EC3DF0E6984A}.AppStore|iPhone.ActiveCfg = Release|x86
		{6D146888-2C1F-40C0-A1AD-EC3DF0E6984A}.AppStore|iPhone.Build.0 = Release|x86
		{6D146888-2C1F-40C0-A1AD-EC3DF0E6984A}.AppStore|iPhone.Deploy.0 = Release|x86
		{6D146888-2C1F-40C0-A1AD-EC3DF0E6984A}.AppStore|iPhoneSimulator.ActiveCfg = Release|x86
		{6D146888-2C1F-40C0-A1AD-EC3DF0E6984A}.AppStore|iPhoneSimulator.Build.0 = Release|x86
		{6D146888-2C1F-40C0-A1AD-EC3DF0E6984A}.AppStore|iPhoneSimulator.Deploy.0 = Release|x86
		{6D146888-2C1F-40C0-A1AD-EC3DF0E6984A}.AppStore|x64.ActiveCfg = Release|x64
		{6D146888-2C1F-40C0-A1AD-EC3DF0E6984A}.AppStore|x64.Build.0 = Release|x64
		{6D146888-2C1F-40C0-A1AD-EC3DF0E6984A}.AppStore|x64.Deploy.0 = Release|x64
		{6D146888-2C1F-40C0-A1AD-EC3DF0E6984A}.AppStore|x86.ActiveCfg = Release|x86
		{6D146888-2C1F-40C0-A1AD-EC3DF0E6984A}.AppStore|x86.Build.0 = Release|x86
		{6D146888-2C1F-40C0-A1AD-EC3DF0E6984A}.AppStore|x86.Deploy.0 = Release|x86
		{6D146888-2C1F-40C0-A1AD-EC3DF0E6984A}.Debug|Any CPU.ActiveCfg = Debug|x86
		{6D146888-2C1F-40C0-A1AD-EC3DF0E6984A}.Debug|ARM.ActiveCfg = Debug|ARM
		{6D146888-2C1F-40C0-A1AD-EC3DF0E6984A}.Debug|ARM.Build.0 = Debug|ARM
		{6D146888-2C1F-40C0-A1AD-EC3DF0E6984A}.Debug|ARM.Deploy.0 = Debug|ARM
		{6D146888-2C1F-40C0-A1AD-EC3DF0E6984A}.Debug|iPhone.ActiveCfg = Debug|x86
		{6D146888-2C1F-40C0-A1AD-EC3DF0E6984A}.Debug|iPhoneSimulator.ActiveCfg = Debug|x86
		{6D146888-2C1F-40C0-A1AD-EC3DF0E6984A}.Debug|x64.ActiveCfg = Debug|x64
		{6D146888-2C1F-40C0-A1AD-EC3DF0E6984A}.Debug|x64.Build.0 = Debug|x64
		{6D146888-2C1F-40C0-A1AD-EC3DF0E6984A}.Debug|x64.Deploy.0 = Debug|x64
		{6D146888-2C1F-40C0-A1AD-EC3DF0E6984A}.Debug|x86.ActiveCfg = Debug|x86
		{6D146888-2C1F-40C0-A1AD-EC3DF0E6984A}.Debug|x86.Build.0 = Debug|x86
		{6D146888-2C1F-40C0-A1AD-EC3DF0E6984A}.Debug|x86.Deploy.0 = Debug|x86
		{6D146888-2C1F-40C0-A1AD-EC3DF0E6984A}.Release|Any CPU.ActiveCfg = Release|x86
		{6D146888-2C1F-40C0-A1AD-EC3DF0E6984A}.Release|ARM.ActiveCfg = Release|ARM
		{6D146888-2C1F-40C0-A1AD-EC3DF0E6984A}.Release|ARM.Build.0 = Release|ARM
		{6D146888-2C1F-40C0-A1AD-EC3DF0E6984A}.Release|ARM.Deploy.0 = Release|ARM
		{6D146888-2C1F-40C0-A1AD-EC3DF0E6984A}.Release|iPhone.ActiveCfg = Release|x86
		{6D146888-2C1F-40C0-A1AD-EC3DF0E6984A}.Release|iPhoneSimulator.ActiveCfg = Release|x86
		{6D146888-2C1F-40C0-A1AD-EC3DF0E6984A}.Release|x64.ActiveCfg = Release|x64
		{6D146888-2C1F-40C0-A1AD-EC3DF0E6984A}.Release|x64.Build.0 = Release|x64
		{6D146888-2C1F-40C0-A1AD-EC3DF0E6984A}.Release|x64.Deploy.0 = Release|x64
		{6D146888-2C1F-40C0-A1AD-EC3DF0E6984A}.Release|x86.ActiveCfg = Release|x86
		{6D146888-2C1F-40C0-A1AD-EC3DF0E6984A}.Release|x86.Build.0 = Release|x86
		{6D146888-2C1F-40C0-A1AD-EC3DF0E6984A}.Release|x86.Deploy.0 = Release|x86
	EndGlobalSection
	GlobalSection(SolutionProperties) = preSolution
		HideSolutionNode = FALSE
	EndGlobalSection
	GlobalSection(ExtensibilityGlobals) = postSolution
		SolutionGuid = {3E85C0E7-495E-439B-9A07-8355C3E55A41}
	EndGlobalSection
EndGlobal
