
Microsoft Visual Studio Solution File, Format Version 12.00
# Visual Studio 15
VisualStudioVersion = 15.0.27004.2006
MinimumVisualStudioVersion = 10.0.40219.1
Project("{FAE04EC0-301F-11D3-BF4B-00C04F79EFBC}") = "Collector2.DataService", "Collector2.DataService\Collector2.DataService.csproj", "{DA468E92-25FB-48CE-9EA9-0E5EC65D25A2}"
	ProjectSection(ProjectDependencies) = postProject
		{4CF4DC9B-497C-4C17-8352-6D805062A6F3} = {4CF4DC9B-497C-4C17-8352-6D805062A6F3}
	EndProjectSection
EndProject
Project("{FAE04EC0-301F-11D3-BF4B-00C04F79EFBC}") = "Collector2.DataContext", "Collector2.DataContext\Collector2.DataContext.csproj", "{4F4BE75D-457C-4D30-96A8-B6FA220ABD5E}"
	ProjectSection(ProjectDependencies) = postProject
		{4CF4DC9B-497C-4C17-8352-6D805062A6F3} = {4CF4DC9B-497C-4C17-8352-6D805062A6F3}
	EndProjectSection
EndProject
Project("{FAE04EC0-301F-11D3-BF4B-00C04F79EFBC}") = "Collector2.Android", "Collector2.Android\Collector2.Android.csproj", "{97C62637-CA0E-485E-BAEF-21821CFD5912}"
	ProjectSection(ProjectDependencies) = postProject
		{4CF4DC9B-497C-4C17-8352-6D805062A6F3} = {4CF4DC9B-497C-4C17-8352-6D805062A6F3}
	EndProjectSection
EndProject
Project("{FAE04EC0-301F-11D3-BF4B-00C04F79EFBC}") = "Collector2.UWP", "Collector2.UWP\Collector2.UWP.csproj", "{8D8A39A1-A74B-423A-933C-EF84648CFE0D}"
	ProjectSection(ProjectDependencies) = postProject
		{4CF4DC9B-497C-4C17-8352-6D805062A6F3} = {4CF4DC9B-497C-4C17-8352-6D805062A6F3}
	EndProjectSection
EndProject
Project("{9A19103F-16F7-4668-BE54-9A1E7A4F7556}") = "Collector2.Models", "Collector2.Models\Collector2.Models.csproj", "{4CF4DC9B-497C-4C17-8352-6D805062A6F3}"
EndProject
Global
	GlobalSection(SolutionConfigurationPlatforms) = preSolution
		Ad-Hoc|Any CPU = Ad-Hoc|Any CPU
		Ad-Hoc|ARM = Ad-Hoc|ARM
		Ad-Hoc|iPhone = Ad-Hoc|iPhone
		Ad-Hoc|iPhoneSimulator = Ad-Hoc|iPhoneSimulator
		Ad-Hoc|x64 = Ad-Hoc|x64
		Ad-Hoc|x86 = Ad-Hoc|x86
		AppStore|Any CPU = AppStore|Any CPU
		AppStore|ARM = AppStore|ARM
		AppStore|iPhone = AppStore|iPhone
		AppStore|iPhoneSimulator = AppStore|iPhoneSimulator
		AppStore|x64 = AppStore|x64
		AppStore|x86 = AppStore|x86
		Debug|Any CPU = Debug|Any CPU
		Debug|ARM = Debug|ARM
		Debug|iPhone = Debug|iPhone
		Debug|iPhoneSimulator = Debug|iPhoneSimulator
		Debug|x64 = Debug|x64
		Debug|x86 = Debug|x86
		Release|Any CPU = Release|Any CPU
		Release|ARM = Release|ARM
		Release|iPhone = Release|iPhone
		Release|iPhoneSimulator = Release|iPhoneSimulator
		Release|x64 = Release|x64
		Release|x86 = Release|x86
	EndGlobalSection
	GlobalSection(ProjectConfigurationPlatforms) = postSolution
		{DA468E92-25FB-48CE-9EA9-0E5EC65D25A2}.Ad-Hoc|Any CPU.ActiveCfg = Release|Any CPU
		{DA468E92-25FB-48CE-9EA9-0E5EC65D25A2}.Ad-Hoc|Any CPU.Build.0 = Release|Any CPU
		{DA468E92-25FB-48CE-9EA9-0E5EC65D25A2}.Ad-Hoc|ARM.ActiveCfg = Release|Any CPU
		{DA468E92-25FB-48CE-9EA9-0E5EC65D25A2}.Ad-Hoc|ARM.Build.0 = Release|Any CPU
		{DA468E92-25FB-48CE-9EA9-0E5EC65D25A2}.Ad-Hoc|iPhone.ActiveCfg = Release|Any CPU
		{DA468E92-25FB-48CE-9EA9-0E5EC65D25A2}.Ad-Hoc|iPhone.Build.0 = Release|Any CPU
		{DA468E92-25FB-48CE-9EA9-0E5EC65D25A2}.Ad-Hoc|iPhoneSimulator.ActiveCfg = Release|Any CPU
		{DA468E92-25FB-48CE-9EA9-0E5EC65D25A2}.Ad-Hoc|iPhoneSimulator.Build.0 = Release|Any CPU
		{DA468E92-25FB-48CE-9EA9-0E5EC65D25A2}.Ad-Hoc|x64.ActiveCfg = Release|Any CPU
		{DA468E92-25FB-48CE-9EA9-0E5EC65D25A2}.Ad-Hoc|x64.Build.0 = Release|Any CPU
		{DA468E92-25FB-48CE-9EA9-0E5EC65D25A2}.Ad-Hoc|x86.ActiveCfg = Release|Any CPU
		{DA468E92-25FB-48CE-9EA9-0E5EC65D25A2}.Ad-Hoc|x86.Build.0 = Release|Any CPU
		{DA468E92-25FB-48CE-9EA9-0E5EC65D25A2}.AppStore|Any CPU.ActiveCfg = Release|Any CPU
		{DA468E92-25FB-48CE-9EA9-0E5EC65D25A2}.AppStore|Any CPU.Build.0 = Release|Any CPU
		{DA468E92-25FB-48CE-9EA9-0E5EC65D25A2}.AppStore|ARM.ActiveCfg = Release|Any CPU
		{DA468E92-25FB-48CE-9EA9-0E5EC65D25A2}.AppStore|ARM.Build.0 = Release|Any CPU
		{DA468E92-25FB-48CE-9EA9-0E5EC65D25A2}.AppStore|iPhone.ActiveCfg = Release|Any CPU
		{DA468E92-25FB-48CE-9EA9-0E5EC65D25A2}.AppStore|iPhone.Build.0 = Release|Any CPU
		{DA468E92-25FB-48CE-9EA9-0E5EC65D25A2}.AppStore|iPhoneSimulator.ActiveCfg = Release|Any CPU
		{DA468E92-25FB-48CE-9EA9-0E5EC65D25A2}.AppStore|iPhoneSimulator.Build.0 = Release|Any CPU
		{DA468E92-25FB-48CE-9EA9-0E5EC65D25A2}.AppStore|x64.ActiveCfg = Release|Any CPU
		{DA468E92-25FB-48CE-9EA9-0E5EC65D25A2}.AppStore|x64.Build.0 = Release|Any CPU
		{DA468E92-25FB-48CE-9EA9-0E5EC65D25A2}.AppStore|x86.ActiveCfg = Release|Any CPU
		{DA468E92-25FB-48CE-9EA9-0E5EC65D25A2}.AppStore|x86.Build.0 = Release|Any CPU
		{DA468E92-25FB-48CE-9EA9-0E5EC65D25A2}.Debug|Any CPU.ActiveCfg = Debug|Any CPU
		{DA468E92-25FB-48CE-9EA9-0E5EC65D25A2}.Debug|Any CPU.Build.0 = Debug|Any CPU
		{DA468E92-25FB-48CE-9EA9-0E5EC65D25A2}.Debug|ARM.ActiveCfg = Debug|Any CPU
		{DA468E92-25FB-48CE-9EA9-0E5EC65D25A2}.Debug|ARM.Build.0 = Debug|Any CPU
		{DA468E92-25FB-48CE-9EA9-0E5EC65D25A2}.Debug|iPhone.ActiveCfg = Debug|Any CPU
		{DA468E92-25FB-48CE-9EA9-0E5EC65D25A2}.Debug|iPhone.Build.0 = Debug|Any CPU
		{DA468E92-25FB-48CE-9EA9-0E5EC65D25A2}.Debug|iPhoneSimulator.ActiveCfg = Debug|Any CPU
		{DA468E92-25FB-48CE-9EA9-0E5EC65D25A2}.Debug|iPhoneSimulator.Build.0 = Debug|Any CPU
		{DA468E92-25FB-48CE-9EA9-0E5EC65D25A2}.Debug|x64.ActiveCfg = Debug|Any CPU
		{DA468E92-25FB-48CE-9EA9-0E5EC65D25A2}.Debug|x64.Build.0 = Debug|Any CPU
		{DA468E92-25FB-48CE-9EA9-0E5EC65D25A2}.Debug|x86.ActiveCfg = Debug|Any CPU
		{DA468E92-25FB-48CE-9EA9-0E5EC65D25A2}.Debug|x86.Build.0 = Debug|Any CPU
		{DA468E92-25FB-48CE-9EA9-0E5EC65D25A2}.Release|Any CPU.ActiveCfg = Release|Any CPU
		{DA468E92-25FB-48CE-9EA9-0E5EC65D25A2}.Release|Any CPU.Build.0 = Release|Any CPU
		{DA468E92-25FB-48CE-9EA9-0E5EC65D25A2}.Release|ARM.ActiveCfg = Release|Any CPU
		{DA468E92-25FB-48CE-9EA9-0E5EC65D25A2}.Release|ARM.Build.0 = Release|Any CPU
		{DA468E92-25FB-48CE-9EA9-0E5EC65D25A2}.Release|iPhone.ActiveCfg = Release|Any CPU
		{DA468E92-25FB-48CE-9EA9-0E5EC65D25A2}.Release|iPhone.Build.0 = Release|Any CPU
		{DA468E92-25FB-48CE-9EA9-0E5EC65D25A2}.Release|iPhoneSimulator.ActiveCfg = Release|Any CPU
		{DA468E92-25FB-48CE-9EA9-0E5EC65D25A2}.Release|iPhoneSimulator.Build.0 = Release|Any CPU
		{DA468E92-25FB-48CE-9EA9-0E5EC65D25A2}.Release|x64.ActiveCfg = Release|Any CPU
		{DA468E92-25FB-48CE-9EA9-0E5EC65D25A2}.Release|x64.Build.0 = Release|Any CPU
		{DA468E92-25FB-48CE-9EA9-0E5EC65D25A2}.Release|x86.ActiveCfg = Release|Any CPU
		{DA468E92-25FB-48CE-9EA9-0E5EC65D25A2}.Release|x86.Build.0 = Release|Any CPU
		{4F4BE75D-457C-4D30-96A8-B6FA220ABD5E}.Ad-Hoc|Any CPU.ActiveCfg = Release|Any CPU
		{4F4BE75D-457C-4D30-96A8-B6FA220ABD5E}.Ad-Hoc|Any CPU.Build.0 = Release|Any CPU
		{4F4BE75D-457C-4D30-96A8-B6FA220ABD5E}.Ad-Hoc|ARM.ActiveCfg = Release|Any CPU
		{4F4BE75D-457C-4D30-96A8-B6FA220ABD5E}.Ad-Hoc|ARM.Build.0 = Release|Any CPU
		{4F4BE75D-457C-4D30-96A8-B6FA220ABD5E}.Ad-Hoc|iPhone.ActiveCfg = Release|Any CPU
		{4F4BE75D-457C-4D30-96A8-B6FA220ABD5E}.Ad-Hoc|iPhone.Build.0 = Release|Any CPU
		{4F4BE75D-457C-4D30-96A8-B6FA220ABD5E}.Ad-Hoc|iPhoneSimulator.ActiveCfg = Release|Any CPU
		{4F4BE75D-457C-4D30-96A8-B6FA220ABD5E}.Ad-Hoc|iPhoneSimulator.Build.0 = Release|Any CPU
		{4F4BE75D-457C-4D30-96A8-B6FA220ABD5E}.Ad-Hoc|x64.ActiveCfg = Release|Any CPU
		{4F4BE75D-457C-4D30-96A8-B6FA220ABD5E}.Ad-Hoc|x64.Build.0 = Release|Any CPU
		{4F4BE75D-457C-4D30-96A8-B6FA220ABD5E}.Ad-Hoc|x86.ActiveCfg = Release|Any CPU
		{4F4BE75D-457C-4D30-96A8-B6FA220ABD5E}.Ad-Hoc|x86.Build.0 = Release|Any CPU
		{4F4BE75D-457C-4D30-96A8-B6FA220ABD5E}.AppStore|Any CPU.ActiveCfg = Release|Any CPU
		{4F4BE75D-457C-4D30-96A8-B6FA220ABD5E}.AppStore|Any CPU.Build.0 = Release|Any CPU
		{4F4BE75D-457C-4D30-96A8-B6FA220ABD5E}.AppStore|ARM.ActiveCfg = Release|Any CPU
		{4F4BE75D-457C-4D30-96A8-B6FA220ABD5E}.AppStore|ARM.Build.0 = Release|Any CPU
		{4F4BE75D-457C-4D30-96A8-B6FA220ABD5E}.AppStore|iPhone.ActiveCfg = Release|Any CPU
		{4F4BE75D-457C-4D30-96A8-B6FA220ABD5E}.AppStore|iPhone.Build.0 = Release|Any CPU
		{4F4BE75D-457C-4D30-96A8-B6FA220ABD5E}.AppStore|iPhoneSimulator.ActiveCfg = Release|Any CPU
		{4F4BE75D-457C-4D30-96A8-B6FA220ABD5E}.AppStore|iPhoneSimulator.Build.0 = Release|Any CPU
		{4F4BE75D-457C-4D30-96A8-B6FA220ABD5E}.AppStore|x64.ActiveCfg = Release|Any CPU
		{4F4BE75D-457C-4D30-96A8-B6FA220ABD5E}.AppStore|x64.Build.0 = Release|Any CPU
		{4F4BE75D-457C-4D30-96A8-B6FA220ABD5E}.AppStore|x86.ActiveCfg = Release|Any CPU
		{4F4BE75D-457C-4D30-96A8-B6FA220ABD5E}.AppStore|x86.Build.0 = Release|Any CPU
		{4F4BE75D-457C-4D30-96A8-B6FA220ABD5E}.Debug|Any CPU.ActiveCfg = Debug|Any CPU
		{4F4BE75D-457C-4D30-96A8-B6FA220ABD5E}.Debug|Any CPU.Build.0 = Debug|Any CPU
		{4F4BE75D-457C-4D30-96A8-B6FA220ABD5E}.Debug|ARM.ActiveCfg = Debug|Any CPU
		{4F4BE75D-457C-4D30-96A8-B6FA220ABD5E}.Debug|ARM.Build.0 = Debug|Any CPU
		{4F4BE75D-457C-4D30-96A8-B6FA220ABD5E}.Debug|iPhone.ActiveCfg = Debug|Any CPU
		{4F4BE75D-457C-4D30-96A8-B6FA220ABD5E}.Debug|iPhone.Build.0 = Debug|Any CPU
		{4F4BE75D-457C-4D30-96A8-B6FA220ABD5E}.Debug|iPhoneSimulator.ActiveCfg = Debug|Any CPU
		{4F4BE75D-457C-4D30-96A8-B6FA220ABD5E}.Debug|iPhoneSimulator.Build.0 = Debug|Any CPU
		{4F4BE75D-457C-4D30-96A8-B6FA220ABD5E}.Debug|x64.ActiveCfg = Debug|Any CPU
		{4F4BE75D-457C-4D30-96A8-B6FA220ABD5E}.Debug|x64.Build.0 = Debug|Any CPU
		{4F4BE75D-457C-4D30-96A8-B6FA220ABD5E}.Debug|x86.ActiveCfg = Debug|Any CPU
		{4F4BE75D-457C-4D30-96A8-B6FA220ABD5E}.Debug|x86.Build.0 = Debug|Any CPU
		{4F4BE75D-457C-4D30-96A8-B6FA220ABD5E}.Release|Any CPU.ActiveCfg = Release|Any CPU
		{4F4BE75D-457C-4D30-96A8-B6FA220ABD5E}.Release|Any CPU.Build.0 = Release|Any CPU
		{4F4BE75D-457C-4D30-96A8-B6FA220ABD5E}.Release|ARM.ActiveCfg = Release|Any CPU
		{4F4BE75D-457C-4D30-96A8-B6FA220ABD5E}.Release|ARM.Build.0 = Release|Any CPU
		{4F4BE75D-457C-4D30-96A8-B6FA220ABD5E}.Release|iPhone.ActiveCfg = Release|Any CPU
		{4F4BE75D-457C-4D30-96A8-B6FA220ABD5E}.Release|iPhone.Build.0 = Release|Any CPU
		{4F4BE75D-457C-4D30-96A8-B6FA220ABD5E}.Release|iPhoneSimulator.ActiveCfg = Release|Any CPU
		{4F4BE75D-457C-4D30-96A8-B6FA220ABD5E}.Release|iPhoneSimulator.Build.0 = Release|Any CPU
		{4F4BE75D-457C-4D30-96A8-B6FA220ABD5E}.Release|x64.ActiveCfg = Release|Any CPU
		{4F4BE75D-457C-4D30-96A8-B6FA220ABD5E}.Release|x64.Build.0 = Release|Any CPU
		{4F4BE75D-457C-4D30-96A8-B6FA220ABD5E}.Release|x86.ActiveCfg = Release|Any CPU
		{4F4BE75D-457C-4D30-96A8-B6FA220ABD5E}.Release|x86.Build.0 = Release|Any CPU
		{97C62637-CA0E-485E-BAEF-21821CFD5912}.Ad-Hoc|Any CPU.ActiveCfg = Release|Any CPU
		{97C62637-CA0E-485E-BAEF-21821CFD5912}.Ad-Hoc|Any CPU.Build.0 = Release|Any CPU
		{97C62637-CA0E-485E-BAEF-21821CFD5912}.Ad-Hoc|Any CPU.Deploy.0 = Release|Any CPU
		{97C62637-CA0E-485E-BAEF-21821CFD5912}.Ad-Hoc|ARM.ActiveCfg = Release|Any CPU
		{97C62637-CA0E-485E-BAEF-21821CFD5912}.Ad-Hoc|ARM.Build.0 = Release|Any CPU
		{97C62637-CA0E-485E-BAEF-21821CFD5912}.Ad-Hoc|ARM.Deploy.0 = Release|Any CPU
		{97C62637-CA0E-485E-BAEF-21821CFD5912}.Ad-Hoc|iPhone.ActiveCfg = Release|Any CPU
		{97C62637-CA0E-485E-BAEF-21821CFD5912}.Ad-Hoc|iPhone.Build.0 = Release|Any CPU
		{97C62637-CA0E-485E-BAEF-21821CFD5912}.Ad-Hoc|iPhone.Deploy.0 = Release|Any CPU
		{97C62637-CA0E-485E-BAEF-21821CFD5912}.Ad-Hoc|iPhoneSimulator.ActiveCfg = Release|Any CPU
		{97C62637-CA0E-485E-BAEF-21821CFD5912}.Ad-Hoc|iPhoneSimulator.Build.0 = Release|Any CPU
		{97C62637-CA0E-485E-BAEF-21821CFD5912}.Ad-Hoc|iPhoneSimulator.Deploy.0 = Release|Any CPU
		{97C62637-CA0E-485E-BAEF-21821CFD5912}.Ad-Hoc|x64.ActiveCfg = Release|Any CPU
		{97C62637-CA0E-485E-BAEF-21821CFD5912}.Ad-Hoc|x64.Build.0 = Release|Any CPU
		{97C62637-CA0E-485E-BAEF-21821CFD5912}.Ad-Hoc|x64.Deploy.0 = Release|Any CPU
		{97C62637-CA0E-485E-BAEF-21821CFD5912}.Ad-Hoc|x86.ActiveCfg = Release|Any CPU
		{97C62637-CA0E-485E-BAEF-21821CFD5912}.Ad-Hoc|x86.Build.0 = Release|Any CPU
		{97C62637-CA0E-485E-BAEF-21821CFD5912}.Ad-Hoc|x86.Deploy.0 = Release|Any CPU
		{97C62637-CA0E-485E-BAEF-21821CFD5912}.AppStore|Any CPU.ActiveCfg = Release|Any CPU
		{97C62637-CA0E-485E-BAEF-21821CFD5912}.AppStore|Any CPU.Build.0 = Release|Any CPU
		{97C62637-CA0E-485E-BAEF-21821CFD5912}.AppStore|Any CPU.Deploy.0 = Release|Any CPU
		{97C62637-CA0E-485E-BAEF-21821CFD5912}.AppStore|ARM.ActiveCfg = Release|Any CPU
		{97C62637-CA0E-485E-BAEF-21821CFD5912}.AppStore|ARM.Build.0 = Release|Any CPU
		{97C62637-CA0E-485E-BAEF-21821CFD5912}.AppStore|ARM.Deploy.0 = Release|Any CPU
		{97C62637-CA0E-485E-BAEF-21821CFD5912}.AppStore|iPhone.ActiveCfg = Release|Any CPU
		{97C62637-CA0E-485E-BAEF-21821CFD5912}.AppStore|iPhone.Build.0 = Release|Any CPU
		{97C62637-CA0E-485E-BAEF-21821CFD5912}.AppStore|iPhone.Deploy.0 = Release|Any CPU
		{97C62637-CA0E-485E-BAEF-21821CFD5912}.AppStore|iPhoneSimulator.ActiveCfg = Release|Any CPU
		{97C62637-CA0E-485E-BAEF-21821CFD5912}.AppStore|iPhoneSimulator.Build.0 = Release|Any CPU
		{97C62637-CA0E-485E-BAEF-21821CFD5912}.AppStore|iPhoneSimulator.Deploy.0 = Release|Any CPU
		{97C62637-CA0E-485E-BAEF-21821CFD5912}.AppStore|x64.ActiveCfg = Release|Any CPU
		{97C62637-CA0E-485E-BAEF-21821CFD5912}.AppStore|x64.Build.0 = Release|Any CPU
		{97C62637-CA0E-485E-BAEF-21821CFD5912}.AppStore|x64.Deploy.0 = Release|Any CPU
		{97C62637-CA0E-485E-BAEF-21821CFD5912}.AppStore|x86.ActiveCfg = Release|Any CPU
		{97C62637-CA0E-485E-BAEF-21821CFD5912}.AppStore|x86.Build.0 = Release|Any CPU
		{97C62637-CA0E-485E-BAEF-21821CFD5912}.AppStore|x86.Deploy.0 = Release|Any CPU
		{97C62637-CA0E-485E-BAEF-21821CFD5912}.Debug|Any CPU.ActiveCfg = Debug|Any CPU
		{97C62637-CA0E-485E-BAEF-21821CFD5912}.Debug|Any CPU.Build.0 = Debug|Any CPU
		{97C62637-CA0E-485E-BAEF-21821CFD5912}.Debug|Any CPU.Deploy.0 = Debug|Any CPU
		{97C62637-CA0E-485E-BAEF-21821CFD5912}.Debug|ARM.ActiveCfg = Debug|Any CPU
		{97C62637-CA0E-485E-BAEF-21821CFD5912}.Debug|ARM.Build.0 = Debug|Any CPU
		{97C62637-CA0E-485E-BAEF-21821CFD5912}.Debug|ARM.Deploy.0 = Debug|Any CPU
		{97C62637-CA0E-485E-BAEF-21821CFD5912}.Debug|iPhone.ActiveCfg = Debug|Any CPU
		{97C62637-CA0E-485E-BAEF-21821CFD5912}.Debug|iPhone.Build.0 = Debug|Any CPU
		{97C62637-CA0E-485E-BAEF-21821CFD5912}.Debug|iPhone.Deploy.0 = Debug|Any CPU
		{97C62637-CA0E-485E-BAEF-21821CFD5912}.Debug|iPhoneSimulator.ActiveCfg = Debug|Any CPU
		{97C62637-CA0E-485E-BAEF-21821CFD5912}.Debug|iPhoneSimulator.Build.0 = Debug|Any CPU
		{97C62637-CA0E-485E-BAEF-21821CFD5912}.Debug|iPhoneSimulator.Deploy.0 = Debug|Any CPU
		{97C62637-CA0E-485E-BAEF-21821CFD5912}.Debug|x64.ActiveCfg = Debug|Any CPU
		{97C62637-CA0E-485E-BAEF-21821CFD5912}.Debug|x64.Build.0 = Debug|Any CPU
		{97C62637-CA0E-485E-BAEF-21821CFD5912}.Debug|x64.Deploy.0 = Debug|Any CPU
		{97C62637-CA0E-485E-BAEF-21821CFD5912}.Debug|x86.ActiveCfg = Debug|Any CPU
		{97C62637-CA0E-485E-BAEF-21821CFD5912}.Debug|x86.Build.0 = Debug|Any CPU
		{97C62637-CA0E-485E-BAEF-21821CFD5912}.Debug|x86.Deploy.0 = Debug|Any CPU
		{97C62637-CA0E-485E-BAEF-21821CFD5912}.Release|Any CPU.ActiveCfg = Release|Any CPU
		{97C62637-CA0E-485E-BAEF-21821CFD5912}.Release|Any CPU.Build.0 = Release|Any CPU
		{97C62637-CA0E-485E-BAEF-21821CFD5912}.Release|Any CPU.Deploy.0 = Release|Any CPU
		{97C62637-CA0E-485E-BAEF-21821CFD5912}.Release|ARM.ActiveCfg = Release|Any CPU
		{97C62637-CA0E-485E-BAEF-21821CFD5912}.Release|ARM.Build.0 = Release|Any CPU
		{97C62637-CA0E-485E-BAEF-21821CFD5912}.Release|ARM.Deploy.0 = Release|Any CPU
		{97C62637-CA0E-485E-BAEF-21821CFD5912}.Release|iPhone.ActiveCfg = Release|Any CPU
		{97C62637-CA0E-485E-BAEF-21821CFD5912}.Release|iPhone.Build.0 = Release|Any CPU
		{97C62637-CA0E-485E-BAEF-21821CFD5912}.Release|iPhone.Deploy.0 = Release|Any CPU
		{97C62637-CA0E-485E-BAEF-21821CFD5912}.Release|iPhoneSimulator.ActiveCfg = Release|Any CPU
		{97C62637-CA0E-485E-BAEF-21821CFD5912}.Release|iPhoneSimulator.Build.0 = Release|Any CPU
		{97C62637-CA0E-485E-BAEF-21821CFD5912}.Release|iPhoneSimulator.Deploy.0 = Release|Any CPU
		{97C62637-CA0E-485E-BAEF-21821CFD5912}.Release|x64.ActiveCfg = Release|Any CPU
		{97C62637-CA0E-485E-BAEF-21821CFD5912}.Release|x64.Build.0 = Release|Any CPU
		{97C62637-CA0E-485E-BAEF-21821CFD5912}.Release|x64.Deploy.0 = Release|Any CPU
		{97C62637-CA0E-485E-BAEF-21821CFD5912}.Release|x86.ActiveCfg = Release|Any CPU
		{97C62637-CA0E-485E-BAEF-21821CFD5912}.Release|x86.Build.0 = Release|Any CPU
		{97C62637-CA0E-485E-BAEF-21821CFD5912}.Release|x86.Deploy.0 = Release|Any CPU
		{8D8A39A1-A74B-423A-933C-EF84648CFE0D}.Ad-Hoc|Any CPU.ActiveCfg = Release|x64
		{8D8A39A1-A74B-423A-933C-EF84648CFE0D}.Ad-Hoc|Any CPU.Build.0 = Release|x64
		{8D8A39A1-A74B-423A-933C-EF84648CFE0D}.Ad-Hoc|Any CPU.Deploy.0 = Release|x64
		{8D8A39A1-A74B-423A-933C-EF84648CFE0D}.Ad-Hoc|ARM.ActiveCfg = Release|ARM
		{8D8A39A1-A74B-423A-933C-EF84648CFE0D}.Ad-Hoc|ARM.Build.0 = Release|ARM
		{8D8A39A1-A74B-423A-933C-EF84648CFE0D}.Ad-Hoc|ARM.Deploy.0 = Release|ARM
		{8D8A39A1-A74B-423A-933C-EF84648CFE0D}.Ad-Hoc|iPhone.ActiveCfg = Release|x64
		{8D8A39A1-A74B-423A-933C-EF84648CFE0D}.Ad-Hoc|iPhone.Build.0 = Release|x64
		{8D8A39A1-A74B-423A-933C-EF84648CFE0D}.Ad-Hoc|iPhone.Deploy.0 = Release|x64
		{8D8A39A1-A74B-423A-933C-EF84648CFE0D}.Ad-Hoc|iPhoneSimulator.ActiveCfg = Release|x64
		{8D8A39A1-A74B-423A-933C-EF84648CFE0D}.Ad-Hoc|iPhoneSimulator.Build.0 = Release|x64
		{8D8A39A1-A74B-423A-933C-EF84648CFE0D}.Ad-Hoc|iPhoneSimulator.Deploy.0 = Release|x64
		{8D8A39A1-A74B-423A-933C-EF84648CFE0D}.Ad-Hoc|x64.ActiveCfg = Release|x64
		{8D8A39A1-A74B-423A-933C-EF84648CFE0D}.Ad-Hoc|x64.Build.0 = Release|x64
		{8D8A39A1-A74B-423A-933C-EF84648CFE0D}.Ad-Hoc|x64.Deploy.0 = Release|x64
		{8D8A39A1-A74B-423A-933C-EF84648CFE0D}.Ad-Hoc|x86.ActiveCfg = Release|x86
		{8D8A39A1-A74B-423A-933C-EF84648CFE0D}.Ad-Hoc|x86.Build.0 = Release|x86
		{8D8A39A1-A74B-423A-933C-EF84648CFE0D}.Ad-Hoc|x86.Deploy.0 = Release|x86
		{8D8A39A1-A74B-423A-933C-EF84648CFE0D}.AppStore|Any CPU.ActiveCfg = Release|x64
		{8D8A39A1-A74B-423A-933C-EF84648CFE0D}.AppStore|Any CPU.Build.0 = Release|x64
		{8D8A39A1-A74B-423A-933C-EF84648CFE0D}.AppStore|Any CPU.Deploy.0 = Release|x64
		{8D8A39A1-A74B-423A-933C-EF84648CFE0D}.AppStore|ARM.ActiveCfg = Release|ARM
		{8D8A39A1-A74B-423A-933C-EF84648CFE0D}.AppStore|ARM.Build.0 = Release|ARM
		{8D8A39A1-A74B-423A-933C-EF84648CFE0D}.AppStore|ARM.Deploy.0 = Release|ARM
		{8D8A39A1-A74B-423A-933C-EF84648CFE0D}.AppStore|iPhone.ActiveCfg = Release|x64
		{8D8A39A1-A74B-423A-933C-EF84648CFE0D}.AppStore|iPhone.Build.0 = Release|x64
		{8D8A39A1-A74B-423A-933C-EF84648CFE0D}.AppStore|iPhone.Deploy.0 = Release|x64
		{8D8A39A1-A74B-423A-933C-EF84648CFE0D}.AppStore|iPhoneSimulator.ActiveCfg = Release|x64
		{8D8A39A1-A74B-423A-933C-EF84648CFE0D}.AppStore|iPhoneSimulator.Build.0 = Release|x64
		{8D8A39A1-A74B-423A-933C-EF84648CFE0D}.AppStore|iPhoneSimulator.Deploy.0 = Release|x64
		{8D8A39A1-A74B-423A-933C-EF84648CFE0D}.AppStore|x64.ActiveCfg = Release|x64
		{8D8A39A1-A74B-423A-933C-EF84648CFE0D}.AppStore|x64.Build.0 = Release|x64
		{8D8A39A1-A74B-423A-933C-EF84648CFE0D}.AppStore|x64.Deploy.0 = Release|x64
		{8D8A39A1-A74B-423A-933C-EF84648CFE0D}.AppStore|x86.ActiveCfg = Release|x86
		{8D8A39A1-A74B-423A-933C-EF84648CFE0D}.AppStore|x86.Build.0 = Release|x86
		{8D8A39A1-A74B-423A-933C-EF84648CFE0D}.AppStore|x86.Deploy.0 = Release|x86
		{8D8A39A1-A74B-423A-933C-EF84648CFE0D}.Debug|Any CPU.ActiveCfg = Debug|x86
		{8D8A39A1-A74B-423A-933C-EF84648CFE0D}.Debug|Any CPU.Build.0 = Debug|x86
		{8D8A39A1-A74B-423A-933C-EF84648CFE0D}.Debug|Any CPU.Deploy.0 = Debug|x86
		{8D8A39A1-A74B-423A-933C-EF84648CFE0D}.Debug|ARM.ActiveCfg = Debug|ARM
		{8D8A39A1-A74B-423A-933C-EF84648CFE0D}.Debug|ARM.Build.0 = Debug|ARM
		{8D8A39A1-A74B-423A-933C-EF84648CFE0D}.Debug|ARM.Deploy.0 = Debug|ARM
		{8D8A39A1-A74B-423A-933C-EF84648CFE0D}.Debug|iPhone.ActiveCfg = Debug|x86
		{8D8A39A1-A74B-423A-933C-EF84648CFE0D}.Debug|iPhoneSimulator.ActiveCfg = Debug|x86
		{8D8A39A1-A74B-423A-933C-EF84648CFE0D}.Debug|x64.ActiveCfg = Debug|x64
		{8D8A39A1-A74B-423A-933C-EF84648CFE0D}.Debug|x64.Build.0 = Debug|x64
		{8D8A39A1-A74B-423A-933C-EF84648CFE0D}.Debug|x64.Deploy.0 = Debug|x64
		{8D8A39A1-A74B-423A-933C-EF84648CFE0D}.Debug|x86.ActiveCfg = Debug|x86
		{8D8A39A1-A74B-423A-933C-EF84648CFE0D}.Debug|x86.Build.0 = Debug|x86
		{8D8A39A1-A74B-423A-933C-EF84648CFE0D}.Debug|x86.Deploy.0 = Debug|x86
		{8D8A39A1-A74B-423A-933C-EF84648CFE0D}.Release|Any CPU.ActiveCfg = Release|x86
		{8D8A39A1-A74B-423A-933C-EF84648CFE0D}.Release|ARM.ActiveCfg = Release|ARM
		{8D8A39A1-A74B-423A-933C-EF84648CFE0D}.Release|ARM.Build.0 = Release|ARM
		{8D8A39A1-A74B-423A-933C-EF84648CFE0D}.Release|ARM.Deploy.0 = Release|ARM
		{8D8A39A1-A74B-423A-933C-EF84648CFE0D}.Release|iPhone.ActiveCfg = Release|x86
		{8D8A39A1-A74B-423A-933C-EF84648CFE0D}.Release|iPhoneSimulator.ActiveCfg = Release|x86
		{8D8A39A1-A74B-423A-933C-EF84648CFE0D}.Release|x64.ActiveCfg = Release|x64
		{8D8A39A1-A74B-423A-933C-EF84648CFE0D}.Release|x64.Build.0 = Release|x64
		{8D8A39A1-A74B-423A-933C-EF84648CFE0D}.Release|x64.Deploy.0 = Release|x64
		{8D8A39A1-A74B-423A-933C-EF84648CFE0D}.Release|x86.ActiveCfg = Release|x86
		{8D8A39A1-A74B-423A-933C-EF84648CFE0D}.Release|x86.Build.0 = Release|x86
		{8D8A39A1-A74B-423A-933C-EF84648CFE0D}.Release|x86.Deploy.0 = Release|x86
		{4CF4DC9B-497C-4C17-8352-6D805062A6F3}.Ad-Hoc|Any CPU.ActiveCfg = Debug|Any CPU
		{4CF4DC9B-497C-4C17-8352-6D805062A6F3}.Ad-Hoc|Any CPU.Build.0 = Debug|Any CPU
		{4CF4DC9B-497C-4C17-8352-6D805062A6F3}.Ad-Hoc|ARM.ActiveCfg = Debug|Any CPU
		{4CF4DC9B-497C-4C17-8352-6D805062A6F3}.Ad-Hoc|ARM.Build.0 = Debug|Any CPU
		{4CF4DC9B-497C-4C17-8352-6D805062A6F3}.Ad-Hoc|iPhone.ActiveCfg = Debug|Any CPU
		{4CF4DC9B-497C-4C17-8352-6D805062A6F3}.Ad-Hoc|iPhone.Build.0 = Debug|Any CPU
		{4CF4DC9B-497C-4C17-8352-6D805062A6F3}.Ad-Hoc|iPhoneSimulator.ActiveCfg = Debug|Any CPU
		{4CF4DC9B-497C-4C17-8352-6D805062A6F3}.Ad-Hoc|iPhoneSimulator.Build.0 = Debug|Any CPU
		{4CF4DC9B-497C-4C17-8352-6D805062A6F3}.Ad-Hoc|x64.ActiveCfg = Debug|Any CPU
		{4CF4DC9B-497C-4C17-8352-6D805062A6F3}.Ad-Hoc|x64.Build.0 = Debug|Any CPU
		{4CF4DC9B-497C-4C17-8352-6D805062A6F3}.Ad-Hoc|x86.ActiveCfg = Debug|Any CPU
		{4CF4DC9B-497C-4C17-8352-6D805062A6F3}.Ad-Hoc|x86.Build.0 = Debug|Any CPU
		{4CF4DC9B-497C-4C17-8352-6D805062A6F3}.AppStore|Any CPU.ActiveCfg = Debug|Any CPU
		{4CF4DC9B-497C-4C17-8352-6D805062A6F3}.AppStore|Any CPU.Build.0 = Debug|Any CPU
		{4CF4DC9B-497C-4C17-8352-6D805062A6F3}.AppStore|ARM.ActiveCfg = Debug|Any CPU
		{4CF4DC9B-497C-4C17-8352-6D805062A6F3}.AppStore|ARM.Build.0 = Debug|Any CPU
		{4CF4DC9B-497C-4C17-8352-6D805062A6F3}.AppStore|iPhone.ActiveCfg = Debug|Any CPU
		{4CF4DC9B-497C-4C17-8352-6D805062A6F3}.AppStore|iPhone.Build.0 = Debug|Any CPU
		{4CF4DC9B-497C-4C17-8352-6D805062A6F3}.AppStore|iPhoneSimulator.ActiveCfg = Debug|Any CPU
		{4CF4DC9B-497C-4C17-8352-6D805062A6F3}.AppStore|iPhoneSimulator.Build.0 = Debug|Any CPU
		{4CF4DC9B-497C-4C17-8352-6D805062A6F3}.AppStore|x64.ActiveCfg = Debug|Any CPU
		{4CF4DC9B-497C-4C17-8352-6D805062A6F3}.AppStore|x64.Build.0 = Debug|Any CPU
		{4CF4DC9B-497C-4C17-8352-6D805062A6F3}.AppStore|x86.ActiveCfg = Debug|Any CPU
		{4CF4DC9B-497C-4C17-8352-6D805062A6F3}.AppStore|x86.Build.0 = Debug|Any CPU
		{4CF4DC9B-497C-4C17-8352-6D805062A6F3}.Debug|Any CPU.ActiveCfg = Debug|Any CPU
		{4CF4DC9B-497C-4C17-8352-6D805062A6F3}.Debug|Any CPU.Build.0 = Debug|Any CPU
		{4CF4DC9B-497C-4C17-8352-6D805062A6F3}.Debug|ARM.ActiveCfg = Debug|Any CPU
		{4CF4DC9B-497C-4C17-8352-6D805062A6F3}.Debug|ARM.Build.0 = Debug|Any CPU
		{4CF4DC9B-497C-4C17-8352-6D805062A6F3}.Debug|iPhone.ActiveCfg = Debug|Any CPU
		{4CF4DC9B-497C-4C17-8352-6D805062A6F3}.Debug|iPhone.Build.0 = Debug|Any CPU
		{4CF4DC9B-497C-4C17-8352-6D805062A6F3}.Debug|iPhoneSimulator.ActiveCfg = Debug|Any CPU
		{4CF4DC9B-497C-4C17-8352-6D805062A6F3}.Debug|iPhoneSimulator.Build.0 = Debug|Any CPU
		{4CF4DC9B-497C-4C17-8352-6D805062A6F3}.Debug|x64.ActiveCfg = Debug|Any CPU
		{4CF4DC9B-497C-4C17-8352-6D805062A6F3}.Debug|x64.Build.0 = Debug|Any CPU
		{4CF4DC9B-497C-4C17-8352-6D805062A6F3}.Debug|x86.ActiveCfg = Debug|Any CPU
		{4CF4DC9B-497C-4C17-8352-6D805062A6F3}.Debug|x86.Build.0 = Debug|Any CPU
		{4CF4DC9B-497C-4C17-8352-6D805062A6F3}.Release|Any CPU.ActiveCfg = Release|Any CPU
		{4CF4DC9B-497C-4C17-8352-6D805062A6F3}.Release|Any CPU.Build.0 = Release|Any CPU
		{4CF4DC9B-497C-4C17-8352-6D805062A6F3}.Release|ARM.ActiveCfg = Release|Any CPU
		{4CF4DC9B-497C-4C17-8352-6D805062A6F3}.Release|ARM.Build.0 = Release|Any CPU
		{4CF4DC9B-497C-4C17-8352-6D805062A6F3}.Release|iPhone.ActiveCfg = Release|Any CPU
		{4CF4DC9B-497C-4C17-8352-6D805062A6F3}.Release|iPhone.Build.0 = Release|Any CPU
		{4CF4DC9B-497C-4C17-8352-6D805062A6F3}.Release|iPhoneSimulator.ActiveCfg = Release|Any CPU
		{4CF4DC9B-497C-4C17-8352-6D805062A6F3}.Release|iPhoneSimulator.Build.0 = Release|Any CPU
		{4CF4DC9B-497C-4C17-8352-6D805062A6F3}.Release|x64.ActiveCfg = Release|Any CPU
		{4CF4DC9B-497C-4C17-8352-6D805062A6F3}.Release|x64.Build.0 = Release|Any CPU
		{4CF4DC9B-497C-4C17-8352-6D805062A6F3}.Release|x86.ActiveCfg = Release|Any CPU
		{4CF4DC9B-497C-4C17-8352-6D805062A6F3}.Release|x86.Build.0 = Release|Any CPU
	EndGlobalSection
	GlobalSection(SolutionProperties) = preSolution
		HideSolutionNode = FALSE
	EndGlobalSection
	GlobalSection(ExtensibilityGlobals) = postSolution
		SolutionGuid = {3E85C0E7-495E-439B-9A07-8355C3E55A41}
	EndGlobalSection
EndGlobal
