
Microsoft Visual Studio Solution File, Format Version 12.00
# Visual Studio 15
VisualStudioVersion = 15.0.26730.16
MinimumVisualStudioVersion = 10.0.40219.1
Project("{FAE04EC0-301F-11D3-BF4B-00C04F79EFBC}") = "Collector2.DataService", "Collector2.DataService\Collector2.DataService.csproj", "{DA468E92-25FB-48CE-9EA9-0E5EC65D25A2}"
EndProject
Project("{FAE04EC0-301F-11D3-BF4B-00C04F79EFBC}") = "Collector2.Model", "Collector2.Model\Collector2.Model.csproj", "{78C4EDD9-1DEC-40D0-8727-E9BEA444A509}"
EndProject
Project("{FAE04EC0-301F-11D3-BF4B-00C04F79EFBC}") = "Collector2.DataContext", "Collector2.DataContext\Collector2.DataContext.csproj", "{4F4BE75D-457C-4D30-96A8-B6FA220ABD5E}"
EndProject
Project("{D954291E-2A0B-460D-934E-DC6B0785DB48}") = "Collector2.Application", "Collector2.Application\Collector2.Application\Collector2.Application.shproj", "{AB2E189D-29C1-4B87-B1B0-F1CBB44E8376}"
EndProject
Project("{FAE04EC0-301F-11D3-BF4B-00C04F79EFBC}") = "Collector2.Application.Android", "Collector2.Application\Collector2.Application.Android\Collector2.Application.Android.csproj", "{AA831488-CCCE-44DE-8C64-1F6F5D9BA84D}"
EndProject
Project("{FAE04EC0-301F-11D3-BF4B-00C04F79EFBC}") = "Collector2.Application.iOS", "Collector2.Application\Collector2.Application.iOS\Collector2.Application.iOS.csproj", "{6B997D84-C298-493C-AC84-939EE7A9871C}"
EndProject
Project("{FAE04EC0-301F-11D3-BF4B-00C04F79EFBC}") = "Collector2.Application.UWP", "Collector2.Application\Collector2.Application.UWP\Collector2.Application.UWP.csproj", "{CB063858-64C6-40BB-B8EF-789EBC6CAA60}"
EndProject
Global
	GlobalSection(SharedMSBuildProjectFiles) = preSolution
		Collector2.Application\Collector2.Application\Collector2.Application.projitems*{aa831488-ccce-44de-8c64-1f6f5d9ba84d}*SharedItemsImports = 4
		Collector2.Application\Collector2.Application\Collector2.Application.projitems*{ab2e189d-29c1-4b87-b1b0-f1cbb44e8376}*SharedItemsImports = 13
	EndGlobalSection
	GlobalSection(SolutionConfigurationPlatforms) = preSolution
		Ad-Hoc|Any CPU = Ad-Hoc|Any CPU
		Ad-Hoc|ARM = Ad-Hoc|ARM
		Ad-Hoc|iPhone = Ad-Hoc|iPhone
		Ad-Hoc|iPhoneSimulator = Ad-Hoc|iPhoneSimulator
		Ad-Hoc|x64 = Ad-Hoc|x64
		Ad-Hoc|x86 = Ad-Hoc|x86
		AppStore|Any CPU = AppStore|Any CPU
		AppStore|ARM = AppStore|ARM
		AppStore|iPhone = AppStore|iPhone
		AppStore|iPhoneSimulator = AppStore|iPhoneSimulator
		AppStore|x64 = AppStore|x64
		AppStore|x86 = AppStore|x86
		Debug|Any CPU = Debug|Any CPU
		Debug|ARM = Debug|ARM
		Debug|iPhone = Debug|iPhone
		Debug|iPhoneSimulator = Debug|iPhoneSimulator
		Debug|x64 = Debug|x64
		Debug|x86 = Debug|x86
		Release|Any CPU = Release|Any CPU
		Release|ARM = Release|ARM
		Release|iPhone = Release|iPhone
		Release|iPhoneSimulator = Release|iPhoneSimulator
		Release|x64 = Release|x64
		Release|x86 = Release|x86
	EndGlobalSection
	GlobalSection(ProjectConfigurationPlatforms) = postSolution
		{DA468E92-25FB-48CE-9EA9-0E5EC65D25A2}.Ad-Hoc|Any CPU.ActiveCfg = Release|Any CPU
		{DA468E92-25FB-48CE-9EA9-0E5EC65D25A2}.Ad-Hoc|Any CPU.Build.0 = Release|Any CPU
		{DA468E92-25FB-48CE-9EA9-0E5EC65D25A2}.Ad-Hoc|ARM.ActiveCfg = Release|Any CPU
		{DA468E92-25FB-48CE-9EA9-0E5EC65D25A2}.Ad-Hoc|ARM.Build.0 = Release|Any CPU
		{DA468E92-25FB-48CE-9EA9-0E5EC65D25A2}.Ad-Hoc|iPhone.ActiveCfg = Release|Any CPU
		{DA468E92-25FB-48CE-9EA9-0E5EC65D25A2}.Ad-Hoc|iPhone.Build.0 = Release|Any CPU
		{DA468E92-25FB-48CE-9EA9-0E5EC65D25A2}.Ad-Hoc|iPhoneSimulator.ActiveCfg = Release|Any CPU
		{DA468E92-25FB-48CE-9EA9-0E5EC65D25A2}.Ad-Hoc|iPhoneSimulator.Build.0 = Release|Any CPU
		{DA468E92-25FB-48CE-9EA9-0E5EC65D25A2}.Ad-Hoc|x64.ActiveCfg = Release|Any CPU
		{DA468E92-25FB-48CE-9EA9-0E5EC65D25A2}.Ad-Hoc|x64.Build.0 = Release|Any CPU
		{DA468E92-25FB-48CE-9EA9-0E5EC65D25A2}.Ad-Hoc|x86.ActiveCfg = Release|Any CPU
		{DA468E92-25FB-48CE-9EA9-0E5EC65D25A2}.Ad-Hoc|x86.Build.0 = Release|Any CPU
		{DA468E92-25FB-48CE-9EA9-0E5EC65D25A2}.AppStore|Any CPU.ActiveCfg = Release|Any CPU
		{DA468E92-25FB-48CE-9EA9-0E5EC65D25A2}.AppStore|Any CPU.Build.0 = Release|Any CPU
		{DA468E92-25FB-48CE-9EA9-0E5EC65D25A2}.AppStore|ARM.ActiveCfg = Release|Any CPU
		{DA468E92-25FB-48CE-9EA9-0E5EC65D25A2}.AppStore|ARM.Build.0 = Release|Any CPU
		{DA468E92-25FB-48CE-9EA9-0E5EC65D25A2}.AppStore|iPhone.ActiveCfg = Release|Any CPU
		{DA468E92-25FB-48CE-9EA9-0E5EC65D25A2}.AppStore|iPhone.Build.0 = Release|Any CPU
		{DA468E92-25FB-48CE-9EA9-0E5EC65D25A2}.AppStore|iPhoneSimulator.ActiveCfg = Release|Any CPU
		{DA468E92-25FB-48CE-9EA9-0E5EC65D25A2}.AppStore|iPhoneSimulator.Build.0 = Release|Any CPU
		{DA468E92-25FB-48CE-9EA9-0E5EC65D25A2}.AppStore|x64.ActiveCfg = Release|Any CPU
		{DA468E92-25FB-48CE-9EA9-0E5EC65D25A2}.AppStore|x64.Build.0 = Release|Any CPU
		{DA468E92-25FB-48CE-9EA9-0E5EC65D25A2}.AppStore|x86.ActiveCfg = Release|Any CPU
		{DA468E92-25FB-48CE-9EA9-0E5EC65D25A2}.AppStore|x86.Build.0 = Release|Any CPU
		{DA468E92-25FB-48CE-9EA9-0E5EC65D25A2}.Debug|Any CPU.ActiveCfg = Debug|Any CPU
		{DA468E92-25FB-48CE-9EA9-0E5EC65D25A2}.Debug|Any CPU.Build.0 = Debug|Any CPU
		{DA468E92-25FB-48CE-9EA9-0E5EC65D25A2}.Debug|ARM.ActiveCfg = Debug|Any CPU
		{DA468E92-25FB-48CE-9EA9-0E5EC65D25A2}.Debug|ARM.Build.0 = Debug|Any CPU
		{DA468E92-25FB-48CE-9EA9-0E5EC65D25A2}.Debug|iPhone.ActiveCfg = Debug|Any CPU
		{DA468E92-25FB-48CE-9EA9-0E5EC65D25A2}.Debug|iPhone.Build.0 = Debug|Any CPU
		{DA468E92-25FB-48CE-9EA9-0E5EC65D25A2}.Debug|iPhoneSimulator.ActiveCfg = Debug|Any CPU
		{DA468E92-25FB-48CE-9EA9-0E5EC65D25A2}.Debug|iPhoneSimulator.Build.0 = Debug|Any CPU
		{DA468E92-25FB-48CE-9EA9-0E5EC65D25A2}.Debug|x64.ActiveCfg = Debug|Any CPU
		{DA468E92-25FB-48CE-9EA9-0E5EC65D25A2}.Debug|x64.Build.0 = Debug|Any CPU
		{DA468E92-25FB-48CE-9EA9-0E5EC65D25A2}.Debug|x86.ActiveCfg = Debug|Any CPU
		{DA468E92-25FB-48CE-9EA9-0E5EC65D25A2}.Debug|x86.Build.0 = Debug|Any CPU
		{DA468E92-25FB-48CE-9EA9-0E5EC65D25A2}.Release|Any CPU.ActiveCfg = Release|Any CPU
		{DA468E92-25FB-48CE-9EA9-0E5EC65D25A2}.Release|Any CPU.Build.0 = Release|Any CPU
		{DA468E92-25FB-48CE-9EA9-0E5EC65D25A2}.Release|ARM.ActiveCfg = Release|Any CPU
		{DA468E92-25FB-48CE-9EA9-0E5EC65D25A2}.Release|ARM.Build.0 = Release|Any CPU
		{DA468E92-25FB-48CE-9EA9-0E5EC65D25A2}.Release|iPhone.ActiveCfg = Release|Any CPU
		{DA468E92-25FB-48CE-9EA9-0E5EC65D25A2}.Release|iPhone.Build.0 = Release|Any CPU
		{DA468E92-25FB-48CE-9EA9-0E5EC65D25A2}.Release|iPhoneSimulator.ActiveCfg = Release|Any CPU
		{DA468E92-25FB-48CE-9EA9-0E5EC65D25A2}.Release|iPhoneSimulator.Build.0 = Release|Any CPU
		{DA468E92-25FB-48CE-9EA9-0E5EC65D25A2}.Release|x64.ActiveCfg = Release|Any CPU
		{DA468E92-25FB-48CE-9EA9-0E5EC65D25A2}.Release|x64.Build.0 = Release|Any CPU
		{DA468E92-25FB-48CE-9EA9-0E5EC65D25A2}.Release|x86.ActiveCfg = Release|Any CPU
		{DA468E92-25FB-48CE-9EA9-0E5EC65D25A2}.Release|x86.Build.0 = Release|Any CPU
		{78C4EDD9-1DEC-40D0-8727-E9BEA444A509}.Ad-Hoc|Any CPU.ActiveCfg = Release|Any CPU
		{78C4EDD9-1DEC-40D0-8727-E9BEA444A509}.Ad-Hoc|Any CPU.Build.0 = Release|Any CPU
		{78C4EDD9-1DEC-40D0-8727-E9BEA444A509}.Ad-Hoc|ARM.ActiveCfg = Release|Any CPU
		{78C4EDD9-1DEC-40D0-8727-E9BEA444A509}.Ad-Hoc|ARM.Build.0 = Release|Any CPU
		{78C4EDD9-1DEC-40D0-8727-E9BEA444A509}.Ad-Hoc|iPhone.ActiveCfg = Release|Any CPU
		{78C4EDD9-1DEC-40D0-8727-E9BEA444A509}.Ad-Hoc|iPhone.Build.0 = Release|Any CPU
		{78C4EDD9-1DEC-40D0-8727-E9BEA444A509}.Ad-Hoc|iPhoneSimulator.ActiveCfg = Release|Any CPU
		{78C4EDD9-1DEC-40D0-8727-E9BEA444A509}.Ad-Hoc|iPhoneSimulator.Build.0 = Release|Any CPU
		{78C4EDD9-1DEC-40D0-8727-E9BEA444A509}.Ad-Hoc|x64.ActiveCfg = Release|Any CPU
		{78C4EDD9-1DEC-40D0-8727-E9BEA444A509}.Ad-Hoc|x64.Build.0 = Release|Any CPU
		{78C4EDD9-1DEC-40D0-8727-E9BEA444A509}.Ad-Hoc|x86.ActiveCfg = Release|Any CPU
		{78C4EDD9-1DEC-40D0-8727-E9BEA444A509}.Ad-Hoc|x86.Build.0 = Release|Any CPU
		{78C4EDD9-1DEC-40D0-8727-E9BEA444A509}.AppStore|Any CPU.ActiveCfg = Release|Any CPU
		{78C4EDD9-1DEC-40D0-8727-E9BEA444A509}.AppStore|Any CPU.Build.0 = Release|Any CPU
		{78C4EDD9-1DEC-40D0-8727-E9BEA444A509}.AppStore|ARM.ActiveCfg = Release|Any CPU
		{78C4EDD9-1DEC-40D0-8727-E9BEA444A509}.AppStore|ARM.Build.0 = Release|Any CPU
		{78C4EDD9-1DEC-40D0-8727-E9BEA444A509}.AppStore|iPhone.ActiveCfg = Release|Any CPU
		{78C4EDD9-1DEC-40D0-8727-E9BEA444A509}.AppStore|iPhone.Build.0 = Release|Any CPU
		{78C4EDD9-1DEC-40D0-8727-E9BEA444A509}.AppStore|iPhoneSimulator.ActiveCfg = Release|Any CPU
		{78C4EDD9-1DEC-40D0-8727-E9BEA444A509}.AppStore|iPhoneSimulator.Build.0 = Release|Any CPU
		{78C4EDD9-1DEC-40D0-8727-E9BEA444A509}.AppStore|x64.ActiveCfg = Release|Any CPU
		{78C4EDD9-1DEC-40D0-8727-E9BEA444A509}.AppStore|x64.Build.0 = Release|Any CPU
		{78C4EDD9-1DEC-40D0-8727-E9BEA444A509}.AppStore|x86.ActiveCfg = Release|Any CPU
		{78C4EDD9-1DEC-40D0-8727-E9BEA444A509}.AppStore|x86.Build.0 = Release|Any CPU
		{78C4EDD9-1DEC-40D0-8727-E9BEA444A509}.Debug|Any CPU.ActiveCfg = Debug|Any CPU
		{78C4EDD9-1DEC-40D0-8727-E9BEA444A509}.Debug|Any CPU.Build.0 = Debug|Any CPU
		{78C4EDD9-1DEC-40D0-8727-E9BEA444A509}.Debug|ARM.ActiveCfg = Debug|Any CPU
		{78C4EDD9-1DEC-40D0-8727-E9BEA444A509}.Debug|ARM.Build.0 = Debug|Any CPU
		{78C4EDD9-1DEC-40D0-8727-E9BEA444A509}.Debug|iPhone.ActiveCfg = Debug|Any CPU
		{78C4EDD9-1DEC-40D0-8727-E9BEA444A509}.Debug|iPhone.Build.0 = Debug|Any CPU
		{78C4EDD9-1DEC-40D0-8727-E9BEA444A509}.Debug|iPhoneSimulator.ActiveCfg = Debug|Any CPU
		{78C4EDD9-1DEC-40D0-8727-E9BEA444A509}.Debug|iPhoneSimulator.Build.0 = Debug|Any CPU
		{78C4EDD9-1DEC-40D0-8727-E9BEA444A509}.Debug|x64.ActiveCfg = Debug|Any CPU
		{78C4EDD9-1DEC-40D0-8727-E9BEA444A509}.Debug|x64.Build.0 = Debug|Any CPU
		{78C4EDD9-1DEC-40D0-8727-E9BEA444A509}.Debug|x86.ActiveCfg = Debug|Any CPU
		{78C4EDD9-1DEC-40D0-8727-E9BEA444A509}.Debug|x86.Build.0 = Debug|Any CPU
		{78C4EDD9-1DEC-40D0-8727-E9BEA444A509}.Release|Any CPU.ActiveCfg = Release|Any CPU
		{78C4EDD9-1DEC-40D0-8727-E9BEA444A509}.Release|Any CPU.Build.0 = Release|Any CPU
		{78C4EDD9-1DEC-40D0-8727-E9BEA444A509}.Release|ARM.ActiveCfg = Release|Any CPU
		{78C4EDD9-1DEC-40D0-8727-E9BEA444A509}.Release|ARM.Build.0 = Release|Any CPU
		{78C4EDD9-1DEC-40D0-8727-E9BEA444A509}.Release|iPhone.ActiveCfg = Release|Any CPU
		{78C4EDD9-1DEC-40D0-8727-E9BEA444A509}.Release|iPhone.Build.0 = Release|Any CPU
		{78C4EDD9-1DEC-40D0-8727-E9BEA444A509}.Release|iPhoneSimulator.ActiveCfg = Release|Any CPU
		{78C4EDD9-1DEC-40D0-8727-E9BEA444A509}.Release|iPhoneSimulator.Build.0 = Release|Any CPU
		{78C4EDD9-1DEC-40D0-8727-E9BEA444A509}.Release|x64.ActiveCfg = Release|Any CPU
		{78C4EDD9-1DEC-40D0-8727-E9BEA444A509}.Release|x64.Build.0 = Release|Any CPU
		{78C4EDD9-1DEC-40D0-8727-E9BEA444A509}.Release|x86.ActiveCfg = Release|Any CPU
		{78C4EDD9-1DEC-40D0-8727-E9BEA444A509}.Release|x86.Build.0 = Release|Any CPU
		{4F4BE75D-457C-4D30-96A8-B6FA220ABD5E}.Ad-Hoc|Any CPU.ActiveCfg = Release|Any CPU
		{4F4BE75D-457C-4D30-96A8-B6FA220ABD5E}.Ad-Hoc|Any CPU.Build.0 = Release|Any CPU
		{4F4BE75D-457C-4D30-96A8-B6FA220ABD5E}.Ad-Hoc|ARM.ActiveCfg = Release|Any CPU
		{4F4BE75D-457C-4D30-96A8-B6FA220ABD5E}.Ad-Hoc|ARM.Build.0 = Release|Any CPU
		{4F4BE75D-457C-4D30-96A8-B6FA220ABD5E}.Ad-Hoc|iPhone.ActiveCfg = Release|Any CPU
		{4F4BE75D-457C-4D30-96A8-B6FA220ABD5E}.Ad-Hoc|iPhone.Build.0 = Release|Any CPU
		{4F4BE75D-457C-4D30-96A8-B6FA220ABD5E}.Ad-Hoc|iPhoneSimulator.ActiveCfg = Release|Any CPU
		{4F4BE75D-457C-4D30-96A8-B6FA220ABD5E}.Ad-Hoc|iPhoneSimulator.Build.0 = Release|Any CPU
		{4F4BE75D-457C-4D30-96A8-B6FA220ABD5E}.Ad-Hoc|x64.ActiveCfg = Release|Any CPU
		{4F4BE75D-457C-4D30-96A8-B6FA220ABD5E}.Ad-Hoc|x64.Build.0 = Release|Any CPU
		{4F4BE75D-457C-4D30-96A8-B6FA220ABD5E}.Ad-Hoc|x86.ActiveCfg = Release|Any CPU
		{4F4BE75D-457C-4D30-96A8-B6FA220ABD5E}.Ad-Hoc|x86.Build.0 = Release|Any CPU
		{4F4BE75D-457C-4D30-96A8-B6FA220ABD5E}.AppStore|Any CPU.ActiveCfg = Release|Any CPU
		{4F4BE75D-457C-4D30-96A8-B6FA220ABD5E}.AppStore|Any CPU.Build.0 = Release|Any CPU
		{4F4BE75D-457C-4D30-96A8-B6FA220ABD5E}.AppStore|ARM.ActiveCfg = Release|Any CPU
		{4F4BE75D-457C-4D30-96A8-B6FA220ABD5E}.AppStore|ARM.Build.0 = Release|Any CPU
		{4F4BE75D-457C-4D30-96A8-B6FA220ABD5E}.AppStore|iPhone.ActiveCfg = Release|Any CPU
		{4F4BE75D-457C-4D30-96A8-B6FA220ABD5E}.AppStore|iPhone.Build.0 = Release|Any CPU
		{4F4BE75D-457C-4D30-96A8-B6FA220ABD5E}.AppStore|iPhoneSimulator.ActiveCfg = Release|Any CPU
		{4F4BE75D-457C-4D30-96A8-B6FA220ABD5E}.AppStore|iPhoneSimulator.Build.0 = Release|Any CPU
		{4F4BE75D-457C-4D30-96A8-B6FA220ABD5E}.AppStore|x64.ActiveCfg = Release|Any CPU
		{4F4BE75D-457C-4D30-96A8-B6FA220ABD5E}.AppStore|x64.Build.0 = Release|Any CPU
		{4F4BE75D-457C-4D30-96A8-B6FA220ABD5E}.AppStore|x86.ActiveCfg = Release|Any CPU
		{4F4BE75D-457C-4D30-96A8-B6FA220ABD5E}.AppStore|x86.Build.0 = Release|Any CPU
		{4F4BE75D-457C-4D30-96A8-B6FA220ABD5E}.Debug|Any CPU.ActiveCfg = Debug|Any CPU
		{4F4BE75D-457C-4D30-96A8-B6FA220ABD5E}.Debug|Any CPU.Build.0 = Debug|Any CPU
		{4F4BE75D-457C-4D30-96A8-B6FA220ABD5E}.Debug|ARM.ActiveCfg = Debug|Any CPU
		{4F4BE75D-457C-4D30-96A8-B6FA220ABD5E}.Debug|ARM.Build.0 = Debug|Any CPU
		{4F4BE75D-457C-4D30-96A8-B6FA220ABD5E}.Debug|iPhone.ActiveCfg = Debug|Any CPU
		{4F4BE75D-457C-4D30-96A8-B6FA220ABD5E}.Debug|iPhone.Build.0 = Debug|Any CPU
		{4F4BE75D-457C-4D30-96A8-B6FA220ABD5E}.Debug|iPhoneSimulator.ActiveCfg = Debug|Any CPU
		{4F4BE75D-457C-4D30-96A8-B6FA220ABD5E}.Debug|iPhoneSimulator.Build.0 = Debug|Any CPU
		{4F4BE75D-457C-4D30-96A8-B6FA220ABD5E}.Debug|x64.ActiveCfg = Debug|Any CPU
		{4F4BE75D-457C-4D30-96A8-B6FA220ABD5E}.Debug|x64.Build.0 = Debug|Any CPU
		{4F4BE75D-457C-4D30-96A8-B6FA220ABD5E}.Debug|x86.ActiveCfg = Debug|Any CPU
		{4F4BE75D-457C-4D30-96A8-B6FA220ABD5E}.Debug|x86.Build.0 = Debug|Any CPU
		{4F4BE75D-457C-4D30-96A8-B6FA220ABD5E}.Release|Any CPU.ActiveCfg = Release|Any CPU
		{4F4BE75D-457C-4D30-96A8-B6FA220ABD5E}.Release|Any CPU.Build.0 = Release|Any CPU
		{4F4BE75D-457C-4D30-96A8-B6FA220ABD5E}.Release|ARM.ActiveCfg = Release|Any CPU
		{4F4BE75D-457C-4D30-96A8-B6FA220ABD5E}.Release|ARM.Build.0 = Release|Any CPU
		{4F4BE75D-457C-4D30-96A8-B6FA220ABD5E}.Release|iPhone.ActiveCfg = Release|Any CPU
		{4F4BE75D-457C-4D30-96A8-B6FA220ABD5E}.Release|iPhone.Build.0 = Release|Any CPU
		{4F4BE75D-457C-4D30-96A8-B6FA220ABD5E}.Release|iPhoneSimulator.ActiveCfg = Release|Any CPU
		{4F4BE75D-457C-4D30-96A8-B6FA220ABD5E}.Release|iPhoneSimulator.Build.0 = Release|Any CPU
		{4F4BE75D-457C-4D30-96A8-B6FA220ABD5E}.Release|x64.ActiveCfg = Release|Any CPU
		{4F4BE75D-457C-4D30-96A8-B6FA220ABD5E}.Release|x64.Build.0 = Release|Any CPU
		{4F4BE75D-457C-4D30-96A8-B6FA220ABD5E}.Release|x86.ActiveCfg = Release|Any CPU
		{4F4BE75D-457C-4D30-96A8-B6FA220ABD5E}.Release|x86.Build.0 = Release|Any CPU
		{AA831488-CCCE-44DE-8C64-1F6F5D9BA84D}.Ad-Hoc|Any CPU.ActiveCfg = Release|Any CPU
		{AA831488-CCCE-44DE-8C64-1F6F5D9BA84D}.Ad-Hoc|Any CPU.Build.0 = Release|Any CPU
		{AA831488-CCCE-44DE-8C64-1F6F5D9BA84D}.Ad-Hoc|Any CPU.Deploy.0 = Release|Any CPU
		{AA831488-CCCE-44DE-8C64-1F6F5D9BA84D}.Ad-Hoc|ARM.ActiveCfg = Release|Any CPU
		{AA831488-CCCE-44DE-8C64-1F6F5D9BA84D}.Ad-Hoc|ARM.Build.0 = Release|Any CPU
		{AA831488-CCCE-44DE-8C64-1F6F5D9BA84D}.Ad-Hoc|ARM.Deploy.0 = Release|Any CPU
		{AA831488-CCCE-44DE-8C64-1F6F5D9BA84D}.Ad-Hoc|iPhone.ActiveCfg = Release|Any CPU
		{AA831488-CCCE-44DE-8C64-1F6F5D9BA84D}.Ad-Hoc|iPhone.Build.0 = Release|Any CPU
		{AA831488-CCCE-44DE-8C64-1F6F5D9BA84D}.Ad-Hoc|iPhone.Deploy.0 = Release|Any CPU
		{AA831488-CCCE-44DE-8C64-1F6F5D9BA84D}.Ad-Hoc|iPhoneSimulator.ActiveCfg = Release|Any CPU
		{AA831488-CCCE-44DE-8C64-1F6F5D9BA84D}.Ad-Hoc|iPhoneSimulator.Build.0 = Release|Any CPU
		{AA831488-CCCE-44DE-8C64-1F6F5D9BA84D}.Ad-Hoc|iPhoneSimulator.Deploy.0 = Release|Any CPU
		{AA831488-CCCE-44DE-8C64-1F6F5D9BA84D}.Ad-Hoc|x64.ActiveCfg = Release|Any CPU
		{AA831488-CCCE-44DE-8C64-1F6F5D9BA84D}.Ad-Hoc|x64.Build.0 = Release|Any CPU
		{AA831488-CCCE-44DE-8C64-1F6F5D9BA84D}.Ad-Hoc|x64.Deploy.0 = Release|Any CPU
		{AA831488-CCCE-44DE-8C64-1F6F5D9BA84D}.Ad-Hoc|x86.ActiveCfg = Release|Any CPU
		{AA831488-CCCE-44DE-8C64-1F6F5D9BA84D}.Ad-Hoc|x86.Build.0 = Release|Any CPU
		{AA831488-CCCE-44DE-8C64-1F6F5D9BA84D}.Ad-Hoc|x86.Deploy.0 = Release|Any CPU
		{AA831488-CCCE-44DE-8C64-1F6F5D9BA84D}.AppStore|Any CPU.ActiveCfg = Release|Any CPU
		{AA831488-CCCE-44DE-8C64-1F6F5D9BA84D}.AppStore|Any CPU.Build.0 = Release|Any CPU
		{AA831488-CCCE-44DE-8C64-1F6F5D9BA84D}.AppStore|Any CPU.Deploy.0 = Release|Any CPU
		{AA831488-CCCE-44DE-8C64-1F6F5D9BA84D}.AppStore|ARM.ActiveCfg = Release|Any CPU
		{AA831488-CCCE-44DE-8C64-1F6F5D9BA84D}.AppStore|ARM.Build.0 = Release|Any CPU
		{AA831488-CCCE-44DE-8C64-1F6F5D9BA84D}.AppStore|ARM.Deploy.0 = Release|Any CPU
		{AA831488-CCCE-44DE-8C64-1F6F5D9BA84D}.AppStore|iPhone.ActiveCfg = Release|Any CPU
		{AA831488-CCCE-44DE-8C64-1F6F5D9BA84D}.AppStore|iPhone.Build.0 = Release|Any CPU
		{AA831488-CCCE-44DE-8C64-1F6F5D9BA84D}.AppStore|iPhone.Deploy.0 = Release|Any CPU
		{AA831488-CCCE-44DE-8C64-1F6F5D9BA84D}.AppStore|iPhoneSimulator.ActiveCfg = Release|Any CPU
		{AA831488-CCCE-44DE-8C64-1F6F5D9BA84D}.AppStore|iPhoneSimulator.Build.0 = Release|Any CPU
		{AA831488-CCCE-44DE-8C64-1F6F5D9BA84D}.AppStore|iPhoneSimulator.Deploy.0 = Release|Any CPU
		{AA831488-CCCE-44DE-8C64-1F6F5D9BA84D}.AppStore|x64.ActiveCfg = Release|Any CPU
		{AA831488-CCCE-44DE-8C64-1F6F5D9BA84D}.AppStore|x64.Build.0 = Release|Any CPU
		{AA831488-CCCE-44DE-8C64-1F6F5D9BA84D}.AppStore|x64.Deploy.0 = Release|Any CPU
		{AA831488-CCCE-44DE-8C64-1F6F5D9BA84D}.AppStore|x86.ActiveCfg = Release|Any CPU
		{AA831488-CCCE-44DE-8C64-1F6F5D9BA84D}.AppStore|x86.Build.0 = Release|Any CPU
		{AA831488-CCCE-44DE-8C64-1F6F5D9BA84D}.AppStore|x86.Deploy.0 = Release|Any CPU
		{AA831488-CCCE-44DE-8C64-1F6F5D9BA84D}.Debug|Any CPU.ActiveCfg = Debug|Any CPU
		{AA831488-CCCE-44DE-8C64-1F6F5D9BA84D}.Debug|Any CPU.Build.0 = Debug|Any CPU
		{AA831488-CCCE-44DE-8C64-1F6F5D9BA84D}.Debug|Any CPU.Deploy.0 = Debug|Any CPU
		{AA831488-CCCE-44DE-8C64-1F6F5D9BA84D}.Debug|ARM.ActiveCfg = Debug|Any CPU
		{AA831488-CCCE-44DE-8C64-1F6F5D9BA84D}.Debug|ARM.Build.0 = Debug|Any CPU
		{AA831488-CCCE-44DE-8C64-1F6F5D9BA84D}.Debug|ARM.Deploy.0 = Debug|Any CPU
		{AA831488-CCCE-44DE-8C64-1F6F5D9BA84D}.Debug|iPhone.ActiveCfg = Debug|Any CPU
		{AA831488-CCCE-44DE-8C64-1F6F5D9BA84D}.Debug|iPhone.Build.0 = Debug|Any CPU
		{AA831488-CCCE-44DE-8C64-1F6F5D9BA84D}.Debug|iPhone.Deploy.0 = Debug|Any CPU
		{AA831488-CCCE-44DE-8C64-1F6F5D9BA84D}.Debug|iPhoneSimulator.ActiveCfg = Debug|Any CPU
		{AA831488-CCCE-44DE-8C64-1F6F5D9BA84D}.Debug|iPhoneSimulator.Build.0 = Debug|Any CPU
		{AA831488-CCCE-44DE-8C64-1F6F5D9BA84D}.Debug|iPhoneSimulator.Deploy.0 = Debug|Any CPU
		{AA831488-CCCE-44DE-8C64-1F6F5D9BA84D}.Debug|x64.ActiveCfg = Debug|Any CPU
		{AA831488-CCCE-44DE-8C64-1F6F5D9BA84D}.Debug|x64.Build.0 = Debug|Any CPU
		{AA831488-CCCE-44DE-8C64-1F6F5D9BA84D}.Debug|x64.Deploy.0 = Debug|Any CPU
		{AA831488-CCCE-44DE-8C64-1F6F5D9BA84D}.Debug|x86.ActiveCfg = Debug|Any CPU
		{AA831488-CCCE-44DE-8C64-1F6F5D9BA84D}.Debug|x86.Build.0 = Debug|Any CPU
		{AA831488-CCCE-44DE-8C64-1F6F5D9BA84D}.Debug|x86.Deploy.0 = Debug|Any CPU
		{AA831488-CCCE-44DE-8C64-1F6F5D9BA84D}.Release|Any CPU.ActiveCfg = Release|Any CPU
		{AA831488-CCCE-44DE-8C64-1F6F5D9BA84D}.Release|Any CPU.Build.0 = Release|Any CPU
		{AA831488-CCCE-44DE-8C64-1F6F5D9BA84D}.Release|Any CPU.Deploy.0 = Release|Any CPU
		{AA831488-CCCE-44DE-8C64-1F6F5D9BA84D}.Release|ARM.ActiveCfg = Release|Any CPU
		{AA831488-CCCE-44DE-8C64-1F6F5D9BA84D}.Release|ARM.Build.0 = Release|Any CPU
		{AA831488-CCCE-44DE-8C64-1F6F5D9BA84D}.Release|ARM.Deploy.0 = Release|Any CPU
		{AA831488-CCCE-44DE-8C64-1F6F5D9BA84D}.Release|iPhone.ActiveCfg = Release|Any CPU
		{AA831488-CCCE-44DE-8C64-1F6F5D9BA84D}.Release|iPhone.Build.0 = Release|Any CPU
		{AA831488-CCCE-44DE-8C64-1F6F5D9BA84D}.Release|iPhone.Deploy.0 = Release|Any CPU
		{AA831488-CCCE-44DE-8C64-1F6F5D9BA84D}.Release|iPhoneSimulator.ActiveCfg = Release|Any CPU
		{AA831488-CCCE-44DE-8C64-1F6F5D9BA84D}.Release|iPhoneSimulator.Build.0 = Release|Any CPU
		{AA831488-CCCE-44DE-8C64-1F6F5D9BA84D}.Release|iPhoneSimulator.Deploy.0 = Release|Any CPU
		{AA831488-CCCE-44DE-8C64-1F6F5D9BA84D}.Release|x64.ActiveCfg = Release|Any CPU
		{AA831488-CCCE-44DE-8C64-1F6F5D9BA84D}.Release|x64.Build.0 = Release|Any CPU
		{AA831488-CCCE-44DE-8C64-1F6F5D9BA84D}.Release|x64.Deploy.0 = Release|Any CPU
		{AA831488-CCCE-44DE-8C64-1F6F5D9BA84D}.Release|x86.ActiveCfg = Release|Any CPU
		{AA831488-CCCE-44DE-8C64-1F6F5D9BA84D}.Release|x86.Build.0 = Release|Any CPU
		{AA831488-CCCE-44DE-8C64-1F6F5D9BA84D}.Release|x86.Deploy.0 = Release|Any CPU
		{6B997D84-C298-493C-AC84-939EE7A9871C}.Ad-Hoc|Any CPU.ActiveCfg = Ad-Hoc|iPhone
		{6B997D84-C298-493C-AC84-939EE7A9871C}.Ad-Hoc|ARM.ActiveCfg = Ad-Hoc|iPhone
		{6B997D84-C298-493C-AC84-939EE7A9871C}.Ad-Hoc|iPhone.ActiveCfg = Ad-Hoc|iPhone
		{6B997D84-C298-493C-AC84-939EE7A9871C}.Ad-Hoc|iPhone.Build.0 = Ad-Hoc|iPhone
		{6B997D84-C298-493C-AC84-939EE7A9871C}.Ad-Hoc|iPhoneSimulator.ActiveCfg = Ad-Hoc|iPhoneSimulator
		{6B997D84-C298-493C-AC84-939EE7A9871C}.Ad-Hoc|iPhoneSimulator.Build.0 = Ad-Hoc|iPhoneSimulator
		{6B997D84-C298-493C-AC84-939EE7A9871C}.Ad-Hoc|x64.ActiveCfg = Ad-Hoc|iPhone
		{6B997D84-C298-493C-AC84-939EE7A9871C}.Ad-Hoc|x86.ActiveCfg = Ad-Hoc|iPhone
		{6B997D84-C298-493C-AC84-939EE7A9871C}.AppStore|Any CPU.ActiveCfg = AppStore|iPhone
		{6B997D84-C298-493C-AC84-939EE7A9871C}.AppStore|ARM.ActiveCfg = AppStore|iPhone
		{6B997D84-C298-493C-AC84-939EE7A9871C}.AppStore|iPhone.ActiveCfg = AppStore|iPhone
		{6B997D84-C298-493C-AC84-939EE7A9871C}.AppStore|iPhone.Build.0 = AppStore|iPhone
		{6B997D84-C298-493C-AC84-939EE7A9871C}.AppStore|iPhoneSimulator.ActiveCfg = AppStore|iPhoneSimulator
		{6B997D84-C298-493C-AC84-939EE7A9871C}.AppStore|iPhoneSimulator.Build.0 = AppStore|iPhoneSimulator
		{6B997D84-C298-493C-AC84-939EE7A9871C}.AppStore|x64.ActiveCfg = AppStore|iPhone
		{6B997D84-C298-493C-AC84-939EE7A9871C}.AppStore|x86.ActiveCfg = AppStore|iPhone
		{6B997D84-C298-493C-AC84-939EE7A9871C}.Debug|Any CPU.ActiveCfg = Debug|iPhone
		{6B997D84-C298-493C-AC84-939EE7A9871C}.Debug|ARM.ActiveCfg = Debug|iPhone
		{6B997D84-C298-493C-AC84-939EE7A9871C}.Debug|iPhone.ActiveCfg = Debug|iPhone
		{6B997D84-C298-493C-AC84-939EE7A9871C}.Debug|iPhone.Build.0 = Debug|iPhone
		{6B997D84-C298-493C-AC84-939EE7A9871C}.Debug|iPhoneSimulator.ActiveCfg = Debug|iPhoneSimulator
		{6B997D84-C298-493C-AC84-939EE7A9871C}.Debug|iPhoneSimulator.Build.0 = Debug|iPhoneSimulator
		{6B997D84-C298-493C-AC84-939EE7A9871C}.Debug|x64.ActiveCfg = Debug|iPhone
		{6B997D84-C298-493C-AC84-939EE7A9871C}.Debug|x86.ActiveCfg = Debug|iPhone
		{6B997D84-C298-493C-AC84-939EE7A9871C}.Release|Any CPU.ActiveCfg = Release|iPhone
		{6B997D84-C298-493C-AC84-939EE7A9871C}.Release|ARM.ActiveCfg = Release|iPhone
		{6B997D84-C298-493C-AC84-939EE7A9871C}.Release|iPhone.ActiveCfg = Release|iPhone
		{6B997D84-C298-493C-AC84-939EE7A9871C}.Release|iPhone.Build.0 = Release|iPhone
		{6B997D84-C298-493C-AC84-939EE7A9871C}.Release|iPhoneSimulator.ActiveCfg = Release|iPhoneSimulator
		{6B997D84-C298-493C-AC84-939EE7A9871C}.Release|iPhoneSimulator.Build.0 = Release|iPhoneSimulator
		{6B997D84-C298-493C-AC84-939EE7A9871C}.Release|x64.ActiveCfg = Release|iPhone
		{6B997D84-C298-493C-AC84-939EE7A9871C}.Release|x86.ActiveCfg = Release|iPhone
		{CB063858-64C6-40BB-B8EF-789EBC6CAA60}.Ad-Hoc|Any CPU.ActiveCfg = Release|x86
		{CB063858-64C6-40BB-B8EF-789EBC6CAA60}.Ad-Hoc|Any CPU.Build.0 = Release|x86
		{CB063858-64C6-40BB-B8EF-789EBC6CAA60}.Ad-Hoc|Any CPU.Deploy.0 = Release|x86
		{CB063858-64C6-40BB-B8EF-789EBC6CAA60}.Ad-Hoc|ARM.ActiveCfg = Release|ARM
		{CB063858-64C6-40BB-B8EF-789EBC6CAA60}.Ad-Hoc|ARM.Build.0 = Release|ARM
		{CB063858-64C6-40BB-B8EF-789EBC6CAA60}.Ad-Hoc|ARM.Deploy.0 = Release|ARM
		{CB063858-64C6-40BB-B8EF-789EBC6CAA60}.Ad-Hoc|iPhone.ActiveCfg = Release|x86
		{CB063858-64C6-40BB-B8EF-789EBC6CAA60}.Ad-Hoc|iPhone.Build.0 = Release|x86
		{CB063858-64C6-40BB-B8EF-789EBC6CAA60}.Ad-Hoc|iPhone.Deploy.0 = Release|x86
		{CB063858-64C6-40BB-B8EF-789EBC6CAA60}.Ad-Hoc|iPhoneSimulator.ActiveCfg = Release|x86
		{CB063858-64C6-40BB-B8EF-789EBC6CAA60}.Ad-Hoc|iPhoneSimulator.Build.0 = Release|x86
		{CB063858-64C6-40BB-B8EF-789EBC6CAA60}.Ad-Hoc|iPhoneSimulator.Deploy.0 = Release|x86
		{CB063858-64C6-40BB-B8EF-789EBC6CAA60}.Ad-Hoc|x64.ActiveCfg = Release|x64
		{CB063858-64C6-40BB-B8EF-789EBC6CAA60}.Ad-Hoc|x64.Build.0 = Release|x64
		{CB063858-64C6-40BB-B8EF-789EBC6CAA60}.Ad-Hoc|x64.Deploy.0 = Release|x64
		{CB063858-64C6-40BB-B8EF-789EBC6CAA60}.Ad-Hoc|x86.ActiveCfg = Release|x86
		{CB063858-64C6-40BB-B8EF-789EBC6CAA60}.Ad-Hoc|x86.Build.0 = Release|x86
		{CB063858-64C6-40BB-B8EF-789EBC6CAA60}.Ad-Hoc|x86.Deploy.0 = Release|x86
		{CB063858-64C6-40BB-B8EF-789EBC6CAA60}.AppStore|Any CPU.ActiveCfg = Release|x86
		{CB063858-64C6-40BB-B8EF-789EBC6CAA60}.AppStore|Any CPU.Build.0 = Release|x86
		{CB063858-64C6-40BB-B8EF-789EBC6CAA60}.AppStore|Any CPU.Deploy.0 = Release|x86
		{CB063858-64C6-40BB-B8EF-789EBC6CAA60}.AppStore|ARM.ActiveCfg = Release|ARM
		{CB063858-64C6-40BB-B8EF-789EBC6CAA60}.AppStore|ARM.Build.0 = Release|ARM
		{CB063858-64C6-40BB-B8EF-789EBC6CAA60}.AppStore|ARM.Deploy.0 = Release|ARM
		{CB063858-64C6-40BB-B8EF-789EBC6CAA60}.AppStore|iPhone.ActiveCfg = Release|x86
		{CB063858-64C6-40BB-B8EF-789EBC6CAA60}.AppStore|iPhone.Build.0 = Release|x86
		{CB063858-64C6-40BB-B8EF-789EBC6CAA60}.AppStore|iPhone.Deploy.0 = Release|x86
		{CB063858-64C6-40BB-B8EF-789EBC6CAA60}.AppStore|iPhoneSimulator.ActiveCfg = Release|x86
		{CB063858-64C6-40BB-B8EF-789EBC6CAA60}.AppStore|iPhoneSimulator.Build.0 = Release|x86
		{CB063858-64C6-40BB-B8EF-789EBC6CAA60}.AppStore|iPhoneSimulator.Deploy.0 = Release|x86
		{CB063858-64C6-40BB-B8EF-789EBC6CAA60}.AppStore|x64.ActiveCfg = Release|x64
		{CB063858-64C6-40BB-B8EF-789EBC6CAA60}.AppStore|x64.Build.0 = Release|x64
		{CB063858-64C6-40BB-B8EF-789EBC6CAA60}.AppStore|x64.Deploy.0 = Release|x64
		{CB063858-64C6-40BB-B8EF-789EBC6CAA60}.AppStore|x86.ActiveCfg = Release|x86
		{CB063858-64C6-40BB-B8EF-789EBC6CAA60}.AppStore|x86.Build.0 = Release|x86
		{CB063858-64C6-40BB-B8EF-789EBC6CAA60}.AppStore|x86.Deploy.0 = Release|x86
		{CB063858-64C6-40BB-B8EF-789EBC6CAA60}.Debug|Any CPU.ActiveCfg = Debug|x86
		{CB063858-64C6-40BB-B8EF-789EBC6CAA60}.Debug|ARM.ActiveCfg = Debug|ARM
		{CB063858-64C6-40BB-B8EF-789EBC6CAA60}.Debug|ARM.Build.0 = Debug|ARM
		{CB063858-64C6-40BB-B8EF-789EBC6CAA60}.Debug|ARM.Deploy.0 = Debug|ARM
		{CB063858-64C6-40BB-B8EF-789EBC6CAA60}.Debug|iPhone.ActiveCfg = Debug|x86
		{CB063858-64C6-40BB-B8EF-789EBC6CAA60}.Debug|iPhoneSimulator.ActiveCfg = Debug|x86
		{CB063858-64C6-40BB-B8EF-789EBC6CAA60}.Debug|x64.ActiveCfg = Debug|x64
		{CB063858-64C6-40BB-B8EF-789EBC6CAA60}.Debug|x64.Build.0 = Debug|x64
		{CB063858-64C6-40BB-B8EF-789EBC6CAA60}.Debug|x64.Deploy.0 = Debug|x64
		{CB063858-64C6-40BB-B8EF-789EBC6CAA60}.Debug|x86.ActiveCfg = Debug|x86
		{CB063858-64C6-40BB-B8EF-789EBC6CAA60}.Debug|x86.Build.0 = Debug|x86
		{CB063858-64C6-40BB-B8EF-789EBC6CAA60}.Debug|x86.Deploy.0 = Debug|x86
		{CB063858-64C6-40BB-B8EF-789EBC6CAA60}.Release|Any CPU.ActiveCfg = Release|x86
		{CB063858-64C6-40BB-B8EF-789EBC6CAA60}.Release|ARM.ActiveCfg = Release|ARM
		{CB063858-64C6-40BB-B8EF-789EBC6CAA60}.Release|ARM.Build.0 = Release|ARM
		{CB063858-64C6-40BB-B8EF-789EBC6CAA60}.Release|ARM.Deploy.0 = Release|ARM
		{CB063858-64C6-40BB-B8EF-789EBC6CAA60}.Release|iPhone.ActiveCfg = Release|x86
		{CB063858-64C6-40BB-B8EF-789EBC6CAA60}.Release|iPhoneSimulator.ActiveCfg = Release|x86
		{CB063858-64C6-40BB-B8EF-789EBC6CAA60}.Release|x64.ActiveCfg = Release|x64
		{CB063858-64C6-40BB-B8EF-789EBC6CAA60}.Release|x64.Build.0 = Release|x64
		{CB063858-64C6-40BB-B8EF-789EBC6CAA60}.Release|x64.Deploy.0 = Release|x64
		{CB063858-64C6-40BB-B8EF-789EBC6CAA60}.Release|x86.ActiveCfg = Release|x86
		{CB063858-64C6-40BB-B8EF-789EBC6CAA60}.Release|x86.Build.0 = Release|x86
		{CB063858-64C6-40BB-B8EF-789EBC6CAA60}.Release|x86.Deploy.0 = Release|x86
	EndGlobalSection
	GlobalSection(SolutionProperties) = preSolution
		HideSolutionNode = FALSE
	EndGlobalSection
	GlobalSection(ExtensibilityGlobals) = postSolution
		SolutionGuid = {3E85C0E7-495E-439B-9A07-8355C3E55A41}
	EndGlobalSection
EndGlobal
